
Microsoft Visual Studio Solution File, Format Version 12.00
# Visual Studio Version 16
VisualStudioVersion = 16.0.30011.22
MinimumVisualStudioVersion = 10.0.40219.1
Project("{2150E333-8FDC-42A3-9474-1A3956D46DE8}") = "Engine", "Engine", "{8249BEE1-6EAC-4D86-1732-863C03741909}"
EndProject
Project("{8BC9CEB8-8B4A-11D0-8D11-00A0C91BC942}") = "EntryPoint", "Build\EntryPoint.vcxproj", "{419769CF-2D4F-AB1C-9656-8478822D460D}"
EndProject
Project("{8BC9CEB8-8B4A-11D0-8D11-00A0C91BC942}") = "Common", "Build\Common.vcxproj", "{8EEA3EAC-7A8C-6982-6347-7DD64F88F0D2}"
EndProject
Project("{2150E333-8FDC-42A3-9474-1A3956D46DE8}") = "Core", "Core", "{1AAFCB23-86C5-C9B9-CF3C-55DB3B929A41}"
EndProject
Project("{8BC9CEB8-8B4A-11D0-8D11-00A0C91BC942}") = "GameFrameWork", "Build\GameFrameWork.vcxproj", "{AD13F29C-19D4-6DD3-E20E-B7504E8EB2AF}"
EndProject
Project("{2150E333-8FDC-42A3-9474-1A3956D46DE8}") = "GraphicsEngine", "GraphicsEngine", "{3063E30A-1CB4-CE4C-4518-BD0E31C861B6}"
EndProject
Project("{2150E333-8FDC-42A3-9474-1A3956D46DE8}") = "GPU_API", "GPU_API", "{448E3CAF-300B-30F2-5988-30064564CC85}"
EndProject
Project("{8BC9CEB8-8B4A-11D0-8D11-00A0C91BC942}") = "DirectX11", "Build\DirectX11.vcxproj", "{5A877304-C6F1-277B-0F30-D9207BD905D0}"
EndProject
Project("{8BC9CEB8-8B4A-11D0-8D11-00A0C91BC942}") = "DirectX12", "Build\DirectX12.vcxproj", "{5B877304-C7F1-277B-1030-D9207CD905D0}"
EndProject
Project("{8BC9CEB8-8B4A-11D0-8D11-00A0C91BC942}") = "OpenGL", "Build\OpenGL.vcxproj", "{8A864AC8-7628-759E-5FE3-88F24B24FCEE}"
EndProject
Project("{8BC9CEB8-8B4A-11D0-8D11-00A0C91BC942}") = "GraphicsEngine", "Build\GraphicsEngine.vcxproj", "{AC8E76BE-985C-6AC4-81F0-DAEA6D5D4629}"
EndProject
Project("{8BC9CEB8-8B4A-11D0-8D11-00A0C91BC942}") = "InputEngine", "Build\InputEngine.vcxproj", "{6BD9432A-D78E-BC1F-6083-B6F6CC37B323}"
EndProject
Project("{8BC9CEB8-8B4A-11D0-8D11-00A0C91BC942}") = "PhysicsEngine", "Build\PhysicsEngine.vcxproj", "{9ED4FA58-0A95-768F-D3CF-BF0C3F4FBB6B}"
EndProject
Project("{8BC9CEB8-8B4A-11D0-8D11-00A0C91BC942}") = "RenderEngine", "Build\RenderEngine.vcxproj", "{9B7EAD07-87E1-3CAC-3067-75621CA9082F}"
EndProject
Project("{8BC9CEB8-8B4A-11D0-8D11-00A0C91BC942}") = "SoundEngine", "Build\SoundEngine.vcxproj", "{E415EB64-50CB-635A-D9BF-5D3145745A5E}"
EndProject
Project("{8BC9CEB8-8B4A-11D0-8D11-00A0C91BC942}") = "JGEngine", "Build\JGEngine.vcxproj", "{AC6F16C9-983C-71D4-C155-5F7CAD81A662}"
EndProject
Project("{2150E333-8FDC-42A3-9474-1A3956D46DE8}") = "Editor", "Editor", "{339C0AE1-1FFF-9985-C884-D23BB4C66508}"
EndProject
Project("{8BC9CEB8-8B4A-11D0-8D11-00A0C91BC942}") = "JGEditor", "Build\JGEditor.vcxproj", "{5DC262C8-498F-BDD3-72A8-AB7B5ED4F261}"
EndProject
Project("{2150E333-8FDC-42A3-9474-1A3956D46DE8}") = "Game", "Game", "{6695C55D-524D-07AB-BB54-E006A72BA29B}"
EndProject
Project("{8BC9CEB8-8B4A-11D0-8D11-00A0C91BC942}") = "JGGame", "Build\JGGame.vcxproj", "{1029AAB9-FCCA-D48F-E585-E8E3D1C65BE0}"
EndProject
Project("{2150E333-8FDC-42A3-9474-1A3956D46DE8}") = "UnitTest", "UnitTest", "{5A2F4472-877C-4373-A669-EBD79F103CFB}"
EndProject
Project("{8BC9CEB8-8B4A-11D0-8D11-00A0C91BC942}") = "1.GBuffer", "UnitTest\1.GBuffer\1.GBuffer.vcxproj", "{94AAD2CF-2D70-4988-945B-D87BE8C9A323}"
EndProject
Global
	GlobalSection(SolutionConfigurationPlatforms) = preSolution
		DevelopEngine|x64 = DevelopEngine|x64
		DevelopEngine|x86 = DevelopEngine|x86
		DevelopGame|x64 = DevelopGame|x64
		DevelopGame|x86 = DevelopGame|x86
		DevelopGameOnRelease|x64 = DevelopGameOnRelease|x64
		DevelopGameOnRelease|x86 = DevelopGameOnRelease|x86
		Release|x64 = Release|x64
		Release|x86 = Release|x86
	EndGlobalSection
	GlobalSection(ProjectConfigurationPlatforms) = postSolution
		{419769CF-2D4F-AB1C-9656-8478822D460D}.DevelopEngine|x64.ActiveCfg = DevelopEngine|x64
		{419769CF-2D4F-AB1C-9656-8478822D460D}.DevelopEngine|x64.Build.0 = DevelopEngine|x64
		{419769CF-2D4F-AB1C-9656-8478822D460D}.DevelopEngine|x86.ActiveCfg = DevelopEngine|x64
		{419769CF-2D4F-AB1C-9656-8478822D460D}.DevelopGame|x64.ActiveCfg = DevelopGame|x64
		{419769CF-2D4F-AB1C-9656-8478822D460D}.DevelopGame|x64.Build.0 = DevelopGame|x64
		{419769CF-2D4F-AB1C-9656-8478822D460D}.DevelopGame|x86.ActiveCfg = DevelopGame|x64
		{419769CF-2D4F-AB1C-9656-8478822D460D}.DevelopGameOnRelease|x64.ActiveCfg = DevelopGameOnRelease|x64
		{419769CF-2D4F-AB1C-9656-8478822D460D}.DevelopGameOnRelease|x64.Build.0 = DevelopGameOnRelease|x64
		{419769CF-2D4F-AB1C-9656-8478822D460D}.DevelopGameOnRelease|x86.ActiveCfg = DevelopGameOnRelease|x64
		{419769CF-2D4F-AB1C-9656-8478822D460D}.Release|x64.ActiveCfg = Release|x64
		{419769CF-2D4F-AB1C-9656-8478822D460D}.Release|x64.Build.0 = Release|x64
		{419769CF-2D4F-AB1C-9656-8478822D460D}.Release|x86.ActiveCfg = Release|x64
		{8EEA3EAC-7A8C-6982-6347-7DD64F88F0D2}.DevelopEngine|x64.ActiveCfg = DevelopEngine|x64
		{8EEA3EAC-7A8C-6982-6347-7DD64F88F0D2}.DevelopEngine|x64.Build.0 = DevelopEngine|x64
		{8EEA3EAC-7A8C-6982-6347-7DD64F88F0D2}.DevelopEngine|x86.ActiveCfg = DevelopEngine|x64
		{8EEA3EAC-7A8C-6982-6347-7DD64F88F0D2}.DevelopGame|x64.ActiveCfg = DevelopGame|x64
		{8EEA3EAC-7A8C-6982-6347-7DD64F88F0D2}.DevelopGame|x64.Build.0 = DevelopGame|x64
		{8EEA3EAC-7A8C-6982-6347-7DD64F88F0D2}.DevelopGame|x86.ActiveCfg = DevelopGame|x64
		{8EEA3EAC-7A8C-6982-6347-7DD64F88F0D2}.DevelopGameOnRelease|x64.ActiveCfg = DevelopGameOnRelease|x64
		{8EEA3EAC-7A8C-6982-6347-7DD64F88F0D2}.DevelopGameOnRelease|x64.Build.0 = DevelopGameOnRelease|x64
		{8EEA3EAC-7A8C-6982-6347-7DD64F88F0D2}.DevelopGameOnRelease|x86.ActiveCfg = DevelopGameOnRelease|x64
		{8EEA3EAC-7A8C-6982-6347-7DD64F88F0D2}.Release|x64.ActiveCfg = Release|x64
		{8EEA3EAC-7A8C-6982-6347-7DD64F88F0D2}.Release|x64.Build.0 = Release|x64
		{8EEA3EAC-7A8C-6982-6347-7DD64F88F0D2}.Release|x86.ActiveCfg = Release|x64
		{AD13F29C-19D4-6DD3-E20E-B7504E8EB2AF}.DevelopEngine|x64.ActiveCfg = DevelopEngine|x64
		{AD13F29C-19D4-6DD3-E20E-B7504E8EB2AF}.DevelopEngine|x64.Build.0 = DevelopEngine|x64
		{AD13F29C-19D4-6DD3-E20E-B7504E8EB2AF}.DevelopEngine|x86.ActiveCfg = DevelopEngine|x64
		{AD13F29C-19D4-6DD3-E20E-B7504E8EB2AF}.DevelopGame|x64.ActiveCfg = DevelopGame|x64
		{AD13F29C-19D4-6DD3-E20E-B7504E8EB2AF}.DevelopGame|x64.Build.0 = DevelopGame|x64
		{AD13F29C-19D4-6DD3-E20E-B7504E8EB2AF}.DevelopGame|x86.ActiveCfg = DevelopGame|x64
		{AD13F29C-19D4-6DD3-E20E-B7504E8EB2AF}.DevelopGameOnRelease|x64.ActiveCfg = DevelopGameOnRelease|x64
		{AD13F29C-19D4-6DD3-E20E-B7504E8EB2AF}.DevelopGameOnRelease|x64.Build.0 = DevelopGameOnRelease|x64
		{AD13F29C-19D4-6DD3-E20E-B7504E8EB2AF}.DevelopGameOnRelease|x86.ActiveCfg = DevelopGameOnRelease|x64
		{AD13F29C-19D4-6DD3-E20E-B7504E8EB2AF}.Release|x64.ActiveCfg = Release|x64
		{AD13F29C-19D4-6DD3-E20E-B7504E8EB2AF}.Release|x64.Build.0 = Release|x64
		{AD13F29C-19D4-6DD3-E20E-B7504E8EB2AF}.Release|x86.ActiveCfg = Release|x64
		{5A877304-C6F1-277B-0F30-D9207BD905D0}.DevelopEngine|x64.ActiveCfg = DevelopEngine|x64
		{5A877304-C6F1-277B-0F30-D9207BD905D0}.DevelopEngine|x64.Build.0 = DevelopEngine|x64
		{5A877304-C6F1-277B-0F30-D9207BD905D0}.DevelopEngine|x86.ActiveCfg = DevelopEngine|x64
		{5A877304-C6F1-277B-0F30-D9207BD905D0}.DevelopGame|x64.ActiveCfg = DevelopGame|x64
		{5A877304-C6F1-277B-0F30-D9207BD905D0}.DevelopGame|x64.Build.0 = DevelopGame|x64
		{5A877304-C6F1-277B-0F30-D9207BD905D0}.DevelopGame|x86.ActiveCfg = DevelopGame|x64
		{5A877304-C6F1-277B-0F30-D9207BD905D0}.DevelopGameOnRelease|x64.ActiveCfg = DevelopGameOnRelease|x64
		{5A877304-C6F1-277B-0F30-D9207BD905D0}.DevelopGameOnRelease|x64.Build.0 = DevelopGameOnRelease|x64
		{5A877304-C6F1-277B-0F30-D9207BD905D0}.DevelopGameOnRelease|x86.ActiveCfg = DevelopGameOnRelease|x64
		{5A877304-C6F1-277B-0F30-D9207BD905D0}.Release|x64.ActiveCfg = Release|x64
		{5A877304-C6F1-277B-0F30-D9207BD905D0}.Release|x64.Build.0 = Release|x64
		{5A877304-C6F1-277B-0F30-D9207BD905D0}.Release|x86.ActiveCfg = Release|x64
		{5B877304-C7F1-277B-1030-D9207CD905D0}.DevelopEngine|x64.ActiveCfg = DevelopEngine|x64
		{5B877304-C7F1-277B-1030-D9207CD905D0}.DevelopEngine|x64.Build.0 = DevelopEngine|x64
		{5B877304-C7F1-277B-1030-D9207CD905D0}.DevelopEngine|x86.ActiveCfg = DevelopEngine|x64
		{5B877304-C7F1-277B-1030-D9207CD905D0}.DevelopGame|x64.ActiveCfg = DevelopGame|x64
		{5B877304-C7F1-277B-1030-D9207CD905D0}.DevelopGame|x64.Build.0 = DevelopGame|x64
		{5B877304-C7F1-277B-1030-D9207CD905D0}.DevelopGame|x86.ActiveCfg = DevelopGame|x64
		{5B877304-C7F1-277B-1030-D9207CD905D0}.DevelopGameOnRelease|x64.ActiveCfg = DevelopGameOnRelease|x64
		{5B877304-C7F1-277B-1030-D9207CD905D0}.DevelopGameOnRelease|x64.Build.0 = DevelopGameOnRelease|x64
		{5B877304-C7F1-277B-1030-D9207CD905D0}.DevelopGameOnRelease|x86.ActiveCfg = DevelopGameOnRelease|x64
		{5B877304-C7F1-277B-1030-D9207CD905D0}.Release|x64.ActiveCfg = Release|x64
		{5B877304-C7F1-277B-1030-D9207CD905D0}.Release|x64.Build.0 = Release|x64
		{5B877304-C7F1-277B-1030-D9207CD905D0}.Release|x86.ActiveCfg = Release|x64
		{8A864AC8-7628-759E-5FE3-88F24B24FCEE}.DevelopEngine|x64.ActiveCfg = DevelopEngine|x64
		{8A864AC8-7628-759E-5FE3-88F24B24FCEE}.DevelopEngine|x64.Build.0 = DevelopEngine|x64
		{8A864AC8-7628-759E-5FE3-88F24B24FCEE}.DevelopEngine|x86.ActiveCfg = DevelopEngine|x64
		{8A864AC8-7628-759E-5FE3-88F24B24FCEE}.DevelopGame|x64.ActiveCfg = DevelopGame|x64
		{8A864AC8-7628-759E-5FE3-88F24B24FCEE}.DevelopGame|x64.Build.0 = DevelopGame|x64
		{8A864AC8-7628-759E-5FE3-88F24B24FCEE}.DevelopGame|x86.ActiveCfg = DevelopGame|x64
		{8A864AC8-7628-759E-5FE3-88F24B24FCEE}.DevelopGameOnRelease|x64.ActiveCfg = DevelopGameOnRelease|x64
		{8A864AC8-7628-759E-5FE3-88F24B24FCEE}.DevelopGameOnRelease|x64.Build.0 = DevelopGameOnRelease|x64
		{8A864AC8-7628-759E-5FE3-88F24B24FCEE}.DevelopGameOnRelease|x86.ActiveCfg = DevelopGameOnRelease|x64
		{8A864AC8-7628-759E-5FE3-88F24B24FCEE}.Release|x64.ActiveCfg = Release|x64
		{8A864AC8-7628-759E-5FE3-88F24B24FCEE}.Release|x64.Build.0 = Release|x64
		{8A864AC8-7628-759E-5FE3-88F24B24FCEE}.Release|x86.ActiveCfg = Release|x64
		{AC8E76BE-985C-6AC4-81F0-DAEA6D5D4629}.DevelopEngine|x64.ActiveCfg = DevelopEngine|x64
		{AC8E76BE-985C-6AC4-81F0-DAEA6D5D4629}.DevelopEngine|x64.Build.0 = DevelopEngine|x64
		{AC8E76BE-985C-6AC4-81F0-DAEA6D5D4629}.DevelopEngine|x86.ActiveCfg = DevelopEngine|x64
		{AC8E76BE-985C-6AC4-81F0-DAEA6D5D4629}.DevelopGame|x64.ActiveCfg = DevelopGame|x64
		{AC8E76BE-985C-6AC4-81F0-DAEA6D5D4629}.DevelopGame|x64.Build.0 = DevelopGame|x64
		{AC8E76BE-985C-6AC4-81F0-DAEA6D5D4629}.DevelopGame|x86.ActiveCfg = DevelopGame|x64
		{AC8E76BE-985C-6AC4-81F0-DAEA6D5D4629}.DevelopGameOnRelease|x64.ActiveCfg = DevelopGameOnRelease|x64
		{AC8E76BE-985C-6AC4-81F0-DAEA6D5D4629}.DevelopGameOnRelease|x64.Build.0 = DevelopGameOnRelease|x64
		{AC8E76BE-985C-6AC4-81F0-DAEA6D5D4629}.DevelopGameOnRelease|x86.ActiveCfg = DevelopGameOnRelease|x64
		{AC8E76BE-985C-6AC4-81F0-DAEA6D5D4629}.Release|x64.ActiveCfg = Release|x64
		{AC8E76BE-985C-6AC4-81F0-DAEA6D5D4629}.Release|x64.Build.0 = Release|x64
		{AC8E76BE-985C-6AC4-81F0-DAEA6D5D4629}.Release|x86.ActiveCfg = Release|x64
		{6BD9432A-D78E-BC1F-6083-B6F6CC37B323}.DevelopEngine|x64.ActiveCfg = DevelopEngine|x64
		{6BD9432A-D78E-BC1F-6083-B6F6CC37B323}.DevelopEngine|x64.Build.0 = DevelopEngine|x64
		{6BD9432A-D78E-BC1F-6083-B6F6CC37B323}.DevelopEngine|x86.ActiveCfg = DevelopEngine|x64
		{6BD9432A-D78E-BC1F-6083-B6F6CC37B323}.DevelopGame|x64.ActiveCfg = DevelopGame|x64
		{6BD9432A-D78E-BC1F-6083-B6F6CC37B323}.DevelopGame|x64.Build.0 = DevelopGame|x64
		{6BD9432A-D78E-BC1F-6083-B6F6CC37B323}.DevelopGame|x86.ActiveCfg = DevelopGame|x64
		{6BD9432A-D78E-BC1F-6083-B6F6CC37B323}.DevelopGameOnRelease|x64.ActiveCfg = DevelopGameOnRelease|x64
		{6BD9432A-D78E-BC1F-6083-B6F6CC37B323}.DevelopGameOnRelease|x64.Build.0 = DevelopGameOnRelease|x64
		{6BD9432A-D78E-BC1F-6083-B6F6CC37B323}.DevelopGameOnRelease|x86.ActiveCfg = DevelopGameOnRelease|x64
		{6BD9432A-D78E-BC1F-6083-B6F6CC37B323}.Release|x64.ActiveCfg = Release|x64
		{6BD9432A-D78E-BC1F-6083-B6F6CC37B323}.Release|x64.Build.0 = Release|x64
		{6BD9432A-D78E-BC1F-6083-B6F6CC37B323}.Release|x86.ActiveCfg = Release|x64
		{9ED4FA58-0A95-768F-D3CF-BF0C3F4FBB6B}.DevelopEngine|x64.ActiveCfg = DevelopEngine|x64
		{9ED4FA58-0A95-768F-D3CF-BF0C3F4FBB6B}.DevelopEngine|x64.Build.0 = DevelopEngine|x64
		{9ED4FA58-0A95-768F-D3CF-BF0C3F4FBB6B}.DevelopEngine|x86.ActiveCfg = DevelopEngine|x64
		{9ED4FA58-0A95-768F-D3CF-BF0C3F4FBB6B}.DevelopGame|x64.ActiveCfg = DevelopGame|x64
		{9ED4FA58-0A95-768F-D3CF-BF0C3F4FBB6B}.DevelopGame|x64.Build.0 = DevelopGame|x64
		{9ED4FA58-0A95-768F-D3CF-BF0C3F4FBB6B}.DevelopGame|x86.ActiveCfg = DevelopGame|x64
		{9ED4FA58-0A95-768F-D3CF-BF0C3F4FBB6B}.DevelopGameOnRelease|x64.ActiveCfg = DevelopGameOnRelease|x64
		{9ED4FA58-0A95-768F-D3CF-BF0C3F4FBB6B}.DevelopGameOnRelease|x64.Build.0 = DevelopGameOnRelease|x64
		{9ED4FA58-0A95-768F-D3CF-BF0C3F4FBB6B}.DevelopGameOnRelease|x86.ActiveCfg = DevelopGameOnRelease|x64
		{9ED4FA58-0A95-768F-D3CF-BF0C3F4FBB6B}.Release|x64.ActiveCfg = Release|x64
		{9ED4FA58-0A95-768F-D3CF-BF0C3F4FBB6B}.Release|x64.Build.0 = Release|x64
		{9ED4FA58-0A95-768F-D3CF-BF0C3F4FBB6B}.Release|x86.ActiveCfg = Release|x64
		{9B7EAD07-87E1-3CAC-3067-75621CA9082F}.DevelopEngine|x64.ActiveCfg = DevelopEngine|x64
		{9B7EAD07-87E1-3CAC-3067-75621CA9082F}.DevelopEngine|x64.Build.0 = DevelopEngine|x64
		{9B7EAD07-87E1-3CAC-3067-75621CA9082F}.DevelopEngine|x86.ActiveCfg = DevelopEngine|x64
		{9B7EAD07-87E1-3CAC-3067-75621CA9082F}.DevelopGame|x64.ActiveCfg = DevelopGame|x64
		{9B7EAD07-87E1-3CAC-3067-75621CA9082F}.DevelopGame|x64.Build.0 = DevelopGame|x64
		{9B7EAD07-87E1-3CAC-3067-75621CA9082F}.DevelopGame|x86.ActiveCfg = DevelopGame|x64
		{9B7EAD07-87E1-3CAC-3067-75621CA9082F}.DevelopGameOnRelease|x64.ActiveCfg = DevelopGameOnRelease|x64
		{9B7EAD07-87E1-3CAC-3067-75621CA9082F}.DevelopGameOnRelease|x64.Build.0 = DevelopGameOnRelease|x64
		{9B7EAD07-87E1-3CAC-3067-75621CA9082F}.DevelopGameOnRelease|x86.ActiveCfg = DevelopGameOnRelease|x64
		{9B7EAD07-87E1-3CAC-3067-75621CA9082F}.Release|x64.ActiveCfg = Release|x64
		{9B7EAD07-87E1-3CAC-3067-75621CA9082F}.Release|x64.Build.0 = Release|x64
		{9B7EAD07-87E1-3CAC-3067-75621CA9082F}.Release|x86.ActiveCfg = Release|x64
		{E415EB64-50CB-635A-D9BF-5D3145745A5E}.DevelopEngine|x64.ActiveCfg = DevelopEngine|x64
		{E415EB64-50CB-635A-D9BF-5D3145745A5E}.DevelopEngine|x64.Build.0 = DevelopEngine|x64
		{E415EB64-50CB-635A-D9BF-5D3145745A5E}.DevelopEngine|x86.ActiveCfg = DevelopEngine|x64
		{E415EB64-50CB-635A-D9BF-5D3145745A5E}.DevelopGame|x64.ActiveCfg = DevelopGame|x64
		{E415EB64-50CB-635A-D9BF-5D3145745A5E}.DevelopGame|x64.Build.0 = DevelopGame|x64
		{E415EB64-50CB-635A-D9BF-5D3145745A5E}.DevelopGame|x86.ActiveCfg = DevelopGame|x64
		{E415EB64-50CB-635A-D9BF-5D3145745A5E}.DevelopGameOnRelease|x64.ActiveCfg = DevelopGameOnRelease|x64
		{E415EB64-50CB-635A-D9BF-5D3145745A5E}.DevelopGameOnRelease|x64.Build.0 = DevelopGameOnRelease|x64
		{E415EB64-50CB-635A-D9BF-5D3145745A5E}.DevelopGameOnRelease|x86.ActiveCfg = DevelopGameOnRelease|x64
		{E415EB64-50CB-635A-D9BF-5D3145745A5E}.Release|x64.ActiveCfg = Release|x64
		{E415EB64-50CB-635A-D9BF-5D3145745A5E}.Release|x64.Build.0 = Release|x64
		{E415EB64-50CB-635A-D9BF-5D3145745A5E}.Release|x86.ActiveCfg = Release|x64
		{AC6F16C9-983C-71D4-C155-5F7CAD81A662}.DevelopEngine|x64.ActiveCfg = DevelopEngine|x64
		{AC6F16C9-983C-71D4-C155-5F7CAD81A662}.DevelopEngine|x64.Build.0 = DevelopEngine|x64
		{AC6F16C9-983C-71D4-C155-5F7CAD81A662}.DevelopEngine|x86.ActiveCfg = DevelopEngine|x64
		{AC6F16C9-983C-71D4-C155-5F7CAD81A662}.DevelopGame|x64.ActiveCfg = DevelopGame|x64
		{AC6F16C9-983C-71D4-C155-5F7CAD81A662}.DevelopGame|x64.Build.0 = DevelopGame|x64
		{AC6F16C9-983C-71D4-C155-5F7CAD81A662}.DevelopGame|x86.ActiveCfg = DevelopGame|x64
		{AC6F16C9-983C-71D4-C155-5F7CAD81A662}.DevelopGameOnRelease|x64.ActiveCfg = DevelopGameOnRelease|x64
		{AC6F16C9-983C-71D4-C155-5F7CAD81A662}.DevelopGameOnRelease|x64.Build.0 = DevelopGameOnRelease|x64
		{AC6F16C9-983C-71D4-C155-5F7CAD81A662}.DevelopGameOnRelease|x86.ActiveCfg = DevelopGameOnRelease|x64
		{AC6F16C9-983C-71D4-C155-5F7CAD81A662}.Release|x64.ActiveCfg = Release|x64
		{AC6F16C9-983C-71D4-C155-5F7CAD81A662}.Release|x64.Build.0 = Release|x64
		{AC6F16C9-983C-71D4-C155-5F7CAD81A662}.Release|x86.ActiveCfg = Release|x64
		{5DC262C8-498F-BDD3-72A8-AB7B5ED4F261}.DevelopEngine|x64.ActiveCfg = DevelopEngine|x64
		{5DC262C8-498F-BDD3-72A8-AB7B5ED4F261}.DevelopEngine|x64.Build.0 = DevelopEngine|x64
		{5DC262C8-498F-BDD3-72A8-AB7B5ED4F261}.DevelopEngine|x86.ActiveCfg = DevelopEngine|x64
		{5DC262C8-498F-BDD3-72A8-AB7B5ED4F261}.DevelopGame|x64.ActiveCfg = DevelopGame|x64
		{5DC262C8-498F-BDD3-72A8-AB7B5ED4F261}.DevelopGame|x64.Build.0 = DevelopGame|x64
		{5DC262C8-498F-BDD3-72A8-AB7B5ED4F261}.DevelopGame|x86.ActiveCfg = DevelopGame|x64
		{5DC262C8-498F-BDD3-72A8-AB7B5ED4F261}.DevelopGameOnRelease|x64.ActiveCfg = DevelopGameOnRelease|x64
		{5DC262C8-498F-BDD3-72A8-AB7B5ED4F261}.DevelopGameOnRelease|x64.Build.0 = DevelopGameOnRelease|x64
		{5DC262C8-498F-BDD3-72A8-AB7B5ED4F261}.DevelopGameOnRelease|x86.ActiveCfg = DevelopGameOnRelease|x64
		{5DC262C8-498F-BDD3-72A8-AB7B5ED4F261}.Release|x64.ActiveCfg = Release|x64
		{5DC262C8-498F-BDD3-72A8-AB7B5ED4F261}.Release|x64.Build.0 = Release|x64
		{5DC262C8-498F-BDD3-72A8-AB7B5ED4F261}.Release|x86.ActiveCfg = Release|x64
		{1029AAB9-FCCA-D48F-E585-E8E3D1C65BE0}.DevelopEngine|x64.ActiveCfg = DevelopEngine|x64
		{1029AAB9-FCCA-D48F-E585-E8E3D1C65BE0}.DevelopEngine|x64.Build.0 = DevelopEngine|x64
		{1029AAB9-FCCA-D48F-E585-E8E3D1C65BE0}.DevelopEngine|x86.ActiveCfg = DevelopEngine|x64
		{1029AAB9-FCCA-D48F-E585-E8E3D1C65BE0}.DevelopGame|x64.ActiveCfg = DevelopGame|x64
		{1029AAB9-FCCA-D48F-E585-E8E3D1C65BE0}.DevelopGame|x64.Build.0 = DevelopGame|x64
		{1029AAB9-FCCA-D48F-E585-E8E3D1C65BE0}.DevelopGame|x86.ActiveCfg = DevelopGame|x64
		{1029AAB9-FCCA-D48F-E585-E8E3D1C65BE0}.DevelopGameOnRelease|x64.ActiveCfg = DevelopGameOnRelease|x64
		{1029AAB9-FCCA-D48F-E585-E8E3D1C65BE0}.DevelopGameOnRelease|x64.Build.0 = DevelopGameOnRelease|x64
		{1029AAB9-FCCA-D48F-E585-E8E3D1C65BE0}.DevelopGameOnRelease|x86.ActiveCfg = DevelopGameOnRelease|x64
		{1029AAB9-FCCA-D48F-E585-E8E3D1C65BE0}.Release|x64.ActiveCfg = Release|x64
		{1029AAB9-FCCA-D48F-E585-E8E3D1C65BE0}.Release|x64.Build.0 = Release|x64
		{1029AAB9-FCCA-D48F-E585-E8E3D1C65BE0}.Release|x86.ActiveCfg = Release|x64
		{94AAD2CF-2D70-4988-945B-D87BE8C9A323}.DevelopEngine|x64.ActiveCfg = Debug|x64
		{94AAD2CF-2D70-4988-945B-D87BE8C9A323}.DevelopEngine|x64.Build.0 = Debug|x64
		{94AAD2CF-2D70-4988-945B-D87BE8C9A323}.DevelopEngine|x86.ActiveCfg = Debug|Win32
		{94AAD2CF-2D70-4988-945B-D87BE8C9A323}.DevelopEngine|x86.Build.0 = Debug|Win32
		{94AAD2CF-2D70-4988-945B-D87BE8C9A323}.DevelopGame|x64.ActiveCfg = Release|x64
		{94AAD2CF-2D70-4988-945B-D87BE8C9A323}.DevelopGame|x64.Build.0 = Release|x64
		{94AAD2CF-2D70-4988-945B-D87BE8C9A323}.DevelopGame|x86.ActiveCfg = Debug|Win32
		{94AAD2CF-2D70-4988-945B-D87BE8C9A323}.DevelopGame|x86.Build.0 = Debug|Win32
		{94AAD2CF-2D70-4988-945B-D87BE8C9A323}.DevelopGameOnRelease|x64.ActiveCfg = Release|x64
		{94AAD2CF-2D70-4988-945B-D87BE8C9A323}.DevelopGameOnRelease|x64.Build.0 = Release|x64
		{94AAD2CF-2D70-4988-945B-D87BE8C9A323}.DevelopGameOnRelease|x86.ActiveCfg = Release|Win32
		{94AAD2CF-2D70-4988-945B-D87BE8C9A323}.DevelopGameOnRelease|x86.Build.0 = Release|Win32
		{94AAD2CF-2D70-4988-945B-D87BE8C9A323}.Release|x64.ActiveCfg = Release|x64
		{94AAD2CF-2D70-4988-945B-D87BE8C9A323}.Release|x64.Build.0 = Release|x64
		{94AAD2CF-2D70-4988-945B-D87BE8C9A323}.Release|x86.ActiveCfg = Release|Win32
		{94AAD2CF-2D70-4988-945B-D87BE8C9A323}.Release|x86.Build.0 = Release|Win32
	EndGlobalSection
	GlobalSection(SolutionProperties) = preSolution
		HideSolutionNode = FALSE
	EndGlobalSection
	GlobalSection(NestedProjects) = preSolution
		{419769CF-2D4F-AB1C-9656-8478822D460D} = {8249BEE1-6EAC-4D86-1732-863C03741909}
		{8EEA3EAC-7A8C-6982-6347-7DD64F88F0D2} = {8249BEE1-6EAC-4D86-1732-863C03741909}
		{1AAFCB23-86C5-C9B9-CF3C-55DB3B929A41} = {8249BEE1-6EAC-4D86-1732-863C03741909}
		{AD13F29C-19D4-6DD3-E20E-B7504E8EB2AF} = {1AAFCB23-86C5-C9B9-CF3C-55DB3B929A41}
		{3063E30A-1CB4-CE4C-4518-BD0E31C861B6} = {1AAFCB23-86C5-C9B9-CF3C-55DB3B929A41}
		{448E3CAF-300B-30F2-5988-30064564CC85} = {3063E30A-1CB4-CE4C-4518-BD0E31C861B6}
		{5A877304-C6F1-277B-0F30-D9207BD905D0} = {448E3CAF-300B-30F2-5988-30064564CC85}
		{5B877304-C7F1-277B-1030-D9207CD905D0} = {448E3CAF-300B-30F2-5988-30064564CC85}
		{8A864AC8-7628-759E-5FE3-88F24B24FCEE} = {448E3CAF-300B-30F2-5988-30064564CC85}
		{AC8E76BE-985C-6AC4-81F0-DAEA6D5D4629} = {3063E30A-1CB4-CE4C-4518-BD0E31C861B6}
		{6BD9432A-D78E-BC1F-6083-B6F6CC37B323} = {1AAFCB23-86C5-C9B9-CF3C-55DB3B929A41}
		{9ED4FA58-0A95-768F-D3CF-BF0C3F4FBB6B} = {1AAFCB23-86C5-C9B9-CF3C-55DB3B929A41}
		{9B7EAD07-87E1-3CAC-3067-75621CA9082F} = {1AAFCB23-86C5-C9B9-CF3C-55DB3B929A41}
		{E415EB64-50CB-635A-D9BF-5D3145745A5E} = {1AAFCB23-86C5-C9B9-CF3C-55DB3B929A41}
		{AC6F16C9-983C-71D4-C155-5F7CAD81A662} = {8249BEE1-6EAC-4D86-1732-863C03741909}
		{5DC262C8-498F-BDD3-72A8-AB7B5ED4F261} = {339C0AE1-1FFF-9985-C884-D23BB4C66508}
		{1029AAB9-FCCA-D48F-E585-E8E3D1C65BE0} = {6695C55D-524D-07AB-BB54-E006A72BA29B}
		{94AAD2CF-2D70-4988-945B-D87BE8C9A323} = {5A2F4472-877C-4373-A669-EBD79F103CFB}
	EndGlobalSection
	GlobalSection(ExtensibilityGlobals) = postSolution
		SolutionGuid = {FBFDDB04-A0F1-44E3-ABB0-8047C76E4710}
	EndGlobalSection
EndGlobal
