<?xml version="1.0" encoding="utf-8"?>
<Project ToolsVersion="4.0" xmlns="http://schemas.microsoft.com/developer/msbuild/2003">
  <ItemGroup>
    <Filter Include="DllMain">
      <UniqueIdentifier>{4FC737F1-C7A5-4376-A066-2A32D752A2FF}</UniqueIdentifier>
      <Extensions>cpp;c;cc;cxx;def;odl;idl;hpj;bat;asm;asmx</Extensions>
    </Filter>
    <Filter Include="EngineStatics">
      <UniqueIdentifier>{cd715d90-d04f-449b-a482-f01c14ca0573}</UniqueIdentifier>
    </Filter>
    <Filter Include="RenderSystem">
      <UniqueIdentifier>{b184018d-d00f-40be-8571-c41ddbbdfadf}</UniqueIdentifier>
    </Filter>
    <Filter Include="RenderSystem\JGHLSLShaderDevice">
      <UniqueIdentifier>{5113a637-7a1f-4702-ae87-5c414bf1c1e2}</UniqueIdentifier>
    </Filter>
    <Filter Include="RenderSystem\ShaderCode">
      <UniqueIdentifier>{88a03c6a-5ddf-486a-a296-9240476643d3}</UniqueIdentifier>
    </Filter>
    <Filter Include="RenderSystem\ShaderHLSL">
      <UniqueIdentifier>{f6bf6020-df59-445c-921a-06743eed2cd0}</UniqueIdentifier>
    </Filter>
    <Filter Include="RenderSystem\JGMaterial">
      <UniqueIdentifier>{361cd771-b6ed-4d50-a126-4cf64e833b1c}</UniqueIdentifier>
    </Filter>
    <Filter Include="EngineStatics\JMath">
      <UniqueIdentifier>{0a0cf490-5529-4c8c-863a-63b3a09d1024}</UniqueIdentifier>
    </Filter>
    <Filter Include="EngineFrameWork">
      <UniqueIdentifier>{4d5aea11-74e0-40ba-b161-09031155c3cc}</UniqueIdentifier>
    </Filter>
    <Filter Include="EngineFrameWork\2D">
      <UniqueIdentifier>{37a576da-4fa7-4f41-a79e-37e7fe5192f7}</UniqueIdentifier>
    </Filter>
    <Filter Include="EngineFrameWork\Object">
      <UniqueIdentifier>{0a5bbc30-f8db-4f14-997e-3fc7ad7cc970}</UniqueIdentifier>
    </Filter>
    <Filter Include="EngineFrameWork\Components">
      <UniqueIdentifier>{0cd7f4aa-9577-4911-a405-3501086550ff}</UniqueIdentifier>
    </Filter>
    <Filter Include="EngineFrameWork\World">
      <UniqueIdentifier>{c1c35870-2f76-487e-b7e4-6194bbe3d7c7}</UniqueIdentifier>
    </Filter>
    <Filter Include="EngineFrameWork\2D\Text">
      <UniqueIdentifier>{d9f300fa-d4c7-4f81-83e5-9b8f24b8e6cf}</UniqueIdentifier>
    </Filter>
    <Filter Include="InputSystem">
      <UniqueIdentifier>{b1335abb-0999-4d09-bb0c-089d9e411fb0}</UniqueIdentifier>
    </Filter>
  </ItemGroup>
  <ItemGroup>
    <ClCompile Include="dllmain.cpp">
      <Filter>DllMain</Filter>
    </ClCompile>
    <ClCompile Include="RenderSystem\JGDeviceD.cpp">
      <Filter>RenderSystem</Filter>
    </ClCompile>
    <ClCompile Include="RenderSystem\JGRenderSystemStateD.cpp">
      <Filter>RenderSystem</Filter>
    </ClCompile>
    <ClCompile Include="RenderSystem\JGRenderTargetD.cpp">
      <Filter>RenderSystem</Filter>
    </ClCompile>
    <ClCompile Include="RenderSystem\JGSwapChainD.cpp">
      <Filter>RenderSystem</Filter>
    </ClCompile>
    <ClCompile Include="RenderSystem\JGViewportD.cpp">
      <Filter>RenderSystem</Filter>
    </ClCompile>
    <ClCompile Include="RenderSystem\RenderSystem.cpp">
      <Filter>RenderSystem</Filter>
    </ClCompile>
    <ClCompile Include="RenderSystem\VideoDeviceInfo.cpp">
      <Filter>RenderSystem</Filter>
    </ClCompile>
    <ClCompile Include="EngineStatics\JGLog.cpp">
      <Filter>EngineStatics</Filter>
    </ClCompile>
    <ClCompile Include="EngineStatics\JTimerManager.cpp">
      <Filter>EngineStatics</Filter>
    </ClCompile>
    <ClCompile Include="EngineStatics\JThreadManager.cpp">
      <Filter>EngineStatics</Filter>
    </ClCompile>
    <ClCompile Include="EngineStatics\JGEngineMain.cpp">
      <Filter>EngineStatics</Filter>
    </ClCompile>
    <ClCompile Include="EngineStatics\JGInputEvent.cpp">
      <Filter>EngineStatics</Filter>
    </ClCompile>
    <ClCompile Include="RenderSystem\JGHLSLShaderDevice\JGHLSLShaderDevice.cpp">
      <Filter>RenderSystem\JGHLSLShaderDevice</Filter>
    </ClCompile>
    <ClCompile Include="RenderSystem\JGHLSLShaderDevice\JGBuffer.cpp">
      <Filter>RenderSystem\JGHLSLShaderDevice</Filter>
    </ClCompile>
    <ClCompile Include="RenderSystem\JGHLSLShaderDevice\JGBufferManager.cpp">
      <Filter>RenderSystem\JGHLSLShaderDevice</Filter>
    </ClCompile>
    <ClCompile Include="RenderSystem\JGTexture.cpp">
      <Filter>RenderSystem</Filter>
    </ClCompile>
    <ClCompile Include="RenderSystem\JGHLSLShaderDevice\JGShaderCompiler.cpp">
      <Filter>RenderSystem\JGHLSLShaderDevice</Filter>
    </ClCompile>
    <ClCompile Include="RenderSystem\JGHLSLShaderDevice\JGShader.cpp">
      <Filter>RenderSystem\JGHLSLShaderDevice</Filter>
    </ClCompile>
    <ClCompile Include="RenderSystem\ShaderCode\SampleShader.cpp">
      <Filter>RenderSystem\ShaderCode</Filter>
    </ClCompile>
    <ClCompile Include="RenderSystem\JGShaderConstructor.cpp">
      <Filter>RenderSystem</Filter>
    </ClCompile>
    <ClCompile Include="RenderSystem\JGHLSLShaderDevice\JGShaderData.cpp">
      <Filter>RenderSystem\JGHLSLShaderDevice</Filter>
    </ClCompile>
    <ClCompile Include="RenderSystem\JGMaterial\JGMesh.cpp">
      <Filter>RenderSystem\JGMaterial</Filter>
    </ClCompile>
    <ClCompile Include="EngineStatics\JMath\JGVector2D.cpp">
      <Filter>EngineStatics\JMath</Filter>
    </ClCompile>
    <ClCompile Include="EngineStatics\JMath\JGScale2D.cpp">
      <Filter>EngineStatics\JMath</Filter>
    </ClCompile>
    <ClCompile Include="EngineStatics\JMath\JGVector3D.cpp">
      <Filter>EngineStatics\JMath</Filter>
    </ClCompile>
    <ClCompile Include="EngineStatics\JMath\JGScale3D.cpp">
      <Filter>EngineStatics\JMath</Filter>
    </ClCompile>
    <ClCompile Include="EngineStatics\JMath\JGRotator.cpp">
      <Filter>EngineStatics\JMath</Filter>
    </ClCompile>
    <ClCompile Include="EngineStatics\JMath\JGAngle2D.cpp">
      <Filter>EngineStatics\JMath</Filter>
    </ClCompile>
    <ClCompile Include="EngineStatics\JMath\JGMath.cpp">
      <Filter>EngineStatics\JMath</Filter>
    </ClCompile>
    <ClCompile Include="EngineFrameWork\Object\Object.cpp">
      <Filter>EngineFrameWork\Object</Filter>
    </ClCompile>
    <ClCompile Include="EngineFrameWork\Components\ComponentBase.cpp">
      <Filter>EngineFrameWork\Components</Filter>
    </ClCompile>
    <ClCompile Include="EngineFrameWork\Components\Component.cpp">
      <Filter>EngineFrameWork\Components</Filter>
    </ClCompile>
    <ClCompile Include="EngineFrameWork\Object\ObjectBase.cpp">
      <Filter>EngineFrameWork\Object</Filter>
    </ClCompile>
    <ClCompile Include="EngineFrameWork\Components\MotivatedComponent.cpp">
      <Filter>EngineFrameWork\Components</Filter>
    </ClCompile>
    <ClCompile Include="EngineFrameWork\Components\Motivated2DComponent.cpp">
      <Filter>EngineFrameWork\Components</Filter>
    </ClCompile>
    <ClCompile Include="RenderSystem\JGRenderSuperClass.cpp">
      <Filter>RenderSystem</Filter>
    </ClCompile>
    <ClCompile Include="EngineStatics\JMath\JGMatrix.cpp">
      <Filter>EngineStatics\JMath</Filter>
    </ClCompile>
    <ClCompile Include="EngineFrameWork\Components\StaticMesh2DComponent.cpp">
      <Filter>EngineFrameWork\Components</Filter>
    </ClCompile>
    <ClCompile Include="RenderSystem\JGMaterial\JG2DMesh.cpp">
      <Filter>RenderSystem\JGMaterial</Filter>
    </ClCompile>
    <ClCompile Include="EngineStatics\JGConstructHelper.cpp">
      <Filter>EngineStatics</Filter>
    </ClCompile>
    <ClCompile Include="EngineFrameWork\Object\ExistObject.cpp">
      <Filter>EngineFrameWork\Object</Filter>
    </ClCompile>
    <ClCompile Include="EngineFrameWork\Object\NonExistObject.cpp">
      <Filter>EngineFrameWork\Object</Filter>
    </ClCompile>
    <ClCompile Include="EngineFrameWork\GameLoop.cpp">
      <Filter>EngineFrameWork</Filter>
    </ClCompile>
    <ClCompile Include="EngineFrameWork\World\World.cpp">
      <Filter>EngineFrameWork\World</Filter>
    </ClCompile>
    <ClCompile Include="EngineFrameWork\World\WorldManager.cpp">
      <Filter>EngineFrameWork\World</Filter>
    </ClCompile>
    <ClCompile Include="EngineFrameWork\2D\Text\JGFontLoader.cpp">
      <Filter>EngineFrameWork\2D\Text</Filter>
    </ClCompile>
    <ClCompile Include="EngineFrameWork\Components\TextComponent.cpp">
      <Filter>EngineFrameWork\Components</Filter>
    </ClCompile>
    <ClCompile Include="RenderSystem\ShaderCode\JG2DSpriteShader.cpp">
      <Filter>RenderSystem\ShaderCode</Filter>
    </ClCompile>
    <ClCompile Include="RenderSystem\ShaderCode\JGTextureShader.cpp">
      <Filter>RenderSystem\ShaderCode</Filter>
    </ClCompile>
  </ItemGroup>
  <ItemGroup>
    <ClInclude Include="EngineStatics\Engine.h">
      <Filter>EngineStatics</Filter>
    </ClInclude>
    <ClInclude Include="EngineStatics\EngineMacro.h">
      <Filter>EngineStatics</Filter>
    </ClInclude>
    <ClInclude Include="RenderSystem\JGDeviceD.h">
      <Filter>RenderSystem</Filter>
    </ClInclude>
    <ClInclude Include="RenderSystem\JGRenderSystemStateD.h">
      <Filter>RenderSystem</Filter>
    </ClInclude>
    <ClInclude Include="RenderSystem\JGRenderTargetD.h">
      <Filter>RenderSystem</Filter>
    </ClInclude>
    <ClInclude Include="RenderSystem\JGSwapChainD.h">
      <Filter>RenderSystem</Filter>
    </ClInclude>
    <ClInclude Include="RenderSystem\JGViewportD.h">
      <Filter>RenderSystem</Filter>
    </ClInclude>
    <ClInclude Include="RenderSystem\RenderSystem.h">
      <Filter>RenderSystem</Filter>
    </ClInclude>
    <ClInclude Include="RenderSystem\VideoDeviceInfo.h">
      <Filter>RenderSystem</Filter>
    </ClInclude>
    <ClInclude Include="EngineStatics\JGLog.h">
      <Filter>EngineStatics</Filter>
    </ClInclude>
    <ClInclude Include="EngineStatics\JTimerManager.h">
      <Filter>EngineStatics</Filter>
    </ClInclude>
    <ClInclude Include="EngineStatics\JThreadManager.h">
      <Filter>EngineStatics</Filter>
    </ClInclude>
    <ClInclude Include="EngineStatics\JGEngineMain.h">
      <Filter>EngineStatics</Filter>
    </ClInclude>
    <ClInclude Include="EngineStatics\JGInputEvent.h">
      <Filter>EngineStatics</Filter>
    </ClInclude>
    <ClInclude Include="RenderSystem\JGHLSLShaderDevice\JGHLSLShaderDevice.h">
      <Filter>RenderSystem\JGHLSLShaderDevice</Filter>
    </ClInclude>
    <ClInclude Include="RenderSystem\JGHLSLShaderDevice\JGBuffer.h">
      <Filter>RenderSystem\JGHLSLShaderDevice</Filter>
    </ClInclude>
    <ClInclude Include="RenderSystem\JGHLSLShaderDevice\JGBufferManager.h">
      <Filter>RenderSystem\JGHLSLShaderDevice</Filter>
    </ClInclude>
    <ClInclude Include="RenderSystem\JGTexture.h">
      <Filter>RenderSystem</Filter>
    </ClInclude>
    <ClInclude Include="RenderSystem\JGHLSLShaderDevice\JGShaderCompiler.h">
      <Filter>RenderSystem\JGHLSLShaderDevice</Filter>
    </ClInclude>
    <ClInclude Include="RenderSystem\JGHLSLShaderDevice\JGShader.h">
      <Filter>RenderSystem\JGHLSLShaderDevice</Filter>
    </ClInclude>
    <ClInclude Include="RenderSystem\JGShaderConstructor.h">
      <Filter>RenderSystem</Filter>
    </ClInclude>
    <ClInclude Include="RenderSystem\ShaderCode\SampleShaderDesc.h">
      <Filter>RenderSystem\ShaderCode</Filter>
    </ClInclude>
    <ClInclude Include="RenderSystem\ShaderCode\SampleShader.h">
      <Filter>RenderSystem\ShaderCode</Filter>
    </ClInclude>
    <ClInclude Include="RenderSystem\JGHLSLShaderDevice\JGShaderData.h">
      <Filter>RenderSystem\JGHLSLShaderDevice</Filter>
    </ClInclude>
    <ClInclude Include="RenderSystem\JGMaterial\JGMesh.h">
      <Filter>RenderSystem\JGMaterial</Filter>
    </ClInclude>
    <ClInclude Include="EngineStatics\JMath\JGVector2D.h">
      <Filter>EngineStatics\JMath</Filter>
    </ClInclude>
    <ClInclude Include="EngineStatics\JMath\JGScale2D.h">
      <Filter>EngineStatics\JMath</Filter>
    </ClInclude>
    <ClInclude Include="EngineStatics\JMath\JGVector3D.h">
      <Filter>EngineStatics\JMath</Filter>
    </ClInclude>
    <ClInclude Include="EngineStatics\JMath\JGScale3D.h">
      <Filter>EngineStatics\JMath</Filter>
    </ClInclude>
    <ClInclude Include="EngineStatics\JMath\JGRotator.h">
      <Filter>EngineStatics\JMath</Filter>
    </ClInclude>
    <ClInclude Include="EngineStatics\JMath\JGAngle2D.h">
      <Filter>EngineStatics\JMath</Filter>
    </ClInclude>
    <ClInclude Include="EngineStatics\JMath\JGMath.h">
      <Filter>EngineStatics\JMath</Filter>
    </ClInclude>
    <ClInclude Include="EngineFrameWork\Object\ObjectBase.h">
      <Filter>EngineFrameWork\Object</Filter>
    </ClInclude>
    <ClInclude Include="EngineFrameWork\Object\Object.h">
      <Filter>EngineFrameWork\Object</Filter>
    </ClInclude>
    <ClInclude Include="EngineFrameWork\Components\ComponentBase.h">
      <Filter>EngineFrameWork\Components</Filter>
    </ClInclude>
    <ClInclude Include="EngineFrameWork\Components\Component.h">
      <Filter>EngineFrameWork\Components</Filter>
    </ClInclude>
    <ClInclude Include="EngineFrameWork\Components\MotivatedComponent.h">
      <Filter>EngineFrameWork\Components</Filter>
    </ClInclude>
    <ClInclude Include="EngineFrameWork\Components\Motivated2DComponent.h">
      <Filter>EngineFrameWork\Components</Filter>
    </ClInclude>
    <ClInclude Include="RenderSystem\JGRenderSuperClass.h">
      <Filter>RenderSystem</Filter>
    </ClInclude>
    <ClInclude Include="EngineStatics\JMath\JGMatrix.h">
      <Filter>EngineStatics\JMath</Filter>
    </ClInclude>
    <ClInclude Include="EngineFrameWork\Components\StaticMesh2DComponent.h">
      <Filter>EngineFrameWork\Components</Filter>
    </ClInclude>
    <ClInclude Include="RenderSystem\JGMaterial\JG2DMesh.h">
      <Filter>RenderSystem\JGMaterial</Filter>
    </ClInclude>
    <ClInclude Include="EngineStatics\JGConstructHelper.h">
      <Filter>EngineStatics</Filter>
    </ClInclude>
    <ClInclude Include="EngineFrameWork\Object\ExistObject.h">
      <Filter>EngineFrameWork\Object</Filter>
    </ClInclude>
    <ClInclude Include="EngineFrameWork\Object\NonExistObject.h">
      <Filter>EngineFrameWork\Object</Filter>
    </ClInclude>
    <ClInclude Include="EngineFrameWork\GameLoop.h">
      <Filter>EngineFrameWork</Filter>
    </ClInclude>
    <ClInclude Include="EngineFrameWork\World\World.h">
      <Filter>EngineFrameWork\World</Filter>
    </ClInclude>
    <ClInclude Include="EngineFrameWork\World\WorldManager.h">
      <Filter>EngineFrameWork\World</Filter>
    </ClInclude>
    <ClInclude Include="EngineFrameWork\2D\Text\JGFontLoader.h">
      <Filter>EngineFrameWork\2D\Text</Filter>
    </ClInclude>
    <ClInclude Include="EngineFrameWork\Components\TextComponent.h">
      <Filter>EngineFrameWork\Components</Filter>
    </ClInclude>
    <ClInclude Include="RenderSystem\ShaderCode\HLSLConstantBufferDesc.h">
      <Filter>RenderSystem\ShaderCode</Filter>
    </ClInclude>
    <ClInclude Include="RenderSystem\ShaderCode\JG2DSpriteShader.h">
      <Filter>RenderSystem\ShaderCode</Filter>
    </ClInclude>
    <ClInclude Include="RenderSystem\ShaderCode\JGTextureShader.h">
      <Filter>RenderSystem\ShaderCode</Filter>
    </ClInclude>
  </ItemGroup>
  <ItemGroup>
    <FxCompile Include="RenderSystem\ShaderHLSL\SampleShader_vs.hlsl">
      <Filter>RenderSystem\ShaderHLSL</Filter>
    </FxCompile>
    <FxCompile Include="RenderSystem\ShaderHLSL\SampleShader_ps.hlsl">
      <Filter>RenderSystem\ShaderHLSL</Filter>
    </FxCompile>
    <FxCompile Include="RenderSystem\ShaderHLSL\2DSpriteShader_ps.hlsl">
      <Filter>RenderSystem\ShaderHLSL</Filter>
    </FxCompile>
    <FxCompile Include="RenderSystem\ShaderHLSL\2DSpriteShader_vs.hlsl">
      <Filter>RenderSystem\ShaderHLSL</Filter>
    </FxCompile>
    <FxCompile Include="RenderSystem\ShaderHLSL\TextShader_ps.hlsl">
      <Filter>RenderSystem\ShaderHLSL</Filter>
    </FxCompile>
    <FxCompile Include="RenderSystem\ShaderHLSL\TextShader_vs.hlsl">
      <Filter>RenderSystem\ShaderHLSL</Filter>
    </FxCompile>
  </ItemGroup>
</Project>