
Microsoft Visual Studio Solution File, Format Version 12.00
# Visual Studio Version 16
Project("{2150E333-8FDC-42A3-9474-1A3956D46DE8}") = "Engine", "Engine", "{8249BEE1-6EAC-4D86-1732-863C03741909}"
EndProject
Project("{2150E333-8FDC-42A3-9474-1A3956D46DE8}") = "Core", "Core", "{1AAFCB23-86C5-C9B9-CF3C-55DB3B929A41}"
EndProject
Project("{8BC9CEB8-8B4A-11D0-8D11-00A0C91BC942}") = "Core", "Build\Core.vcxproj", "{2EB4837C-1AEB-840D-C3D7-6A10AFED000F}"
EndProject
Project("{2150E333-8FDC-42A3-9474-1A3956D46DE8}") = "Develop", "Develop", "{8073E029-6C02-6AF3-1521-7EEE018F7A99}"
EndProject
Project("{8BC9CEB8-8B4A-11D0-8D11-00A0C91BC942}") = "Develop", "Build\Develop.vcxproj", "{1450616A-802F-E005-8947-6BDCF5A54667}"
EndProject
Project("{2150E333-8FDC-42A3-9474-1A3956D46DE8}") = "Editor", "Editor", "{78805249-E4E1-2F57-6D4F-7609D9AF6616}"
EndProject
Project("{8BC9CEB8-8B4A-11D0-8D11-00A0C91BC942}") = "Editor", "Build\Editor.vcxproj", "{8C1A20B0-78BC-4A86-6177-5EDA4DB8D1D6}"
EndProject
Project("{2150E333-8FDC-42A3-9474-1A3956D46DE8}") = "Game", "Game", "{6BA4CD23-D7BA-CBB9-2032-57DB8C879C41}"
EndProject
Project("{8BC9CEB8-8B4A-11D0-8D11-00A0C91BC942}") = "Game", "Build\Game.vcxproj", "{7FA9857C-6BE0-860D-14CD-6C1000E3020F}"
EndProject
Project("{2150E333-8FDC-42A3-9474-1A3956D46DE8}") = "ThirdParty", "ThirdParty", "{376E56B9-2367-750B-4C99-5A9038F15417}"
EndProject
Project("{8BC9CEB8-8B4A-11D0-8D11-00A0C91BC942}") = "Imgui", "Build\Imgui.vcxproj", "{E087650D-4C9C-8DBE-151E-311E81F189EF}"
EndProject
Project("{8BC9CEB8-8B4A-11D0-8D11-00A0C91BC942}") = "stb", "Build\stb.vcxproj", "{6EAB880B-DAB4-887C-6330-9F7CCF38947C}"
EndProject
Project("{8BC9CEB8-8B4A-11D0-8D11-00A0C91BC942}") = "zlib", "Build\zlib.vcxproj", "{16CFA17C-0206-A30D-ABF2-881097081F0F}"
EndProject
Project("{2150E333-8FDC-42A3-9474-1A3956D46DE8}") = "User", "User", "{4B8ECD5D-3746-0FAB-A04D-E8068C24AA9B}"
EndProject
Project("{2150E333-8FDC-42A3-9474-1A3956D46DE8}") = "SandBox", "SandBox", "{095B6B41-F53E-2C97-5E9F-26EA4AA21619}"
EndProject
Project("{8BC9CEB8-8B4A-11D0-8D11-00A0C91BC942}") = "SandBox_Editor", "Build\SandBox_Editor.vcxproj", "{BA04ACFA-A6D2-9F00-8F66-10277BD37B65}"
EndProject
Project("{8BC9CEB8-8B4A-11D0-8D11-00A0C91BC942}") = "SandBox_Game", "Build\SandBox_Game.vcxproj", "{2D301565-1993-A409-C218-DDBFAE5A708C}"
EndProject
Global
	GlobalSection(SolutionConfigurationPlatforms) = preSolution
		Debug|x64 = Debug|x64
		Release|x64 = Release|x64
	EndGlobalSection
	GlobalSection(ProjectConfigurationPlatforms) = postSolution
		{2EB4837C-1AEB-840D-C3D7-6A10AFED000F}.Debug|x64.ActiveCfg = Debug|x64
		{2EB4837C-1AEB-840D-C3D7-6A10AFED000F}.Debug|x64.Build.0 = Debug|x64
		{2EB4837C-1AEB-840D-C3D7-6A10AFED000F}.Release|x64.ActiveCfg = Release|x64
		{2EB4837C-1AEB-840D-C3D7-6A10AFED000F}.Release|x64.Build.0 = Release|x64
		{1450616A-802F-E005-8947-6BDCF5A54667}.Debug|x64.ActiveCfg = Debug|x64
		{1450616A-802F-E005-8947-6BDCF5A54667}.Debug|x64.Build.0 = Debug|x64
		{1450616A-802F-E005-8947-6BDCF5A54667}.Release|x64.ActiveCfg = Release|x64
		{1450616A-802F-E005-8947-6BDCF5A54667}.Release|x64.Build.0 = Release|x64
		{8C1A20B0-78BC-4A86-6177-5EDA4DB8D1D6}.Debug|x64.ActiveCfg = Debug|x64
		{8C1A20B0-78BC-4A86-6177-5EDA4DB8D1D6}.Debug|x64.Build.0 = Debug|x64
		{8C1A20B0-78BC-4A86-6177-5EDA4DB8D1D6}.Release|x64.ActiveCfg = Release|x64
		{8C1A20B0-78BC-4A86-6177-5EDA4DB8D1D6}.Release|x64.Build.0 = Release|x64
		{7FA9857C-6BE0-860D-14CD-6C1000E3020F}.Debug|x64.ActiveCfg = Debug|x64
		{7FA9857C-6BE0-860D-14CD-6C1000E3020F}.Debug|x64.Build.0 = Debug|x64
		{7FA9857C-6BE0-860D-14CD-6C1000E3020F}.Release|x64.ActiveCfg = Release|x64
		{7FA9857C-6BE0-860D-14CD-6C1000E3020F}.Release|x64.Build.0 = Release|x64
		{E087650D-4C9C-8DBE-151E-311E81F189EF}.Debug|x64.ActiveCfg = Debug|x64
		{E087650D-4C9C-8DBE-151E-311E81F189EF}.Debug|x64.Build.0 = Debug|x64
		{E087650D-4C9C-8DBE-151E-311E81F189EF}.Release|x64.ActiveCfg = Release|x64
		{E087650D-4C9C-8DBE-151E-311E81F189EF}.Release|x64.Build.0 = Release|x64
		{6EAB880B-DAB4-887C-6330-9F7CCF38947C}.Debug|x64.ActiveCfg = Debug|x64
		{6EAB880B-DAB4-887C-6330-9F7CCF38947C}.Debug|x64.Build.0 = Debug|x64
		{6EAB880B-DAB4-887C-6330-9F7CCF38947C}.Release|x64.ActiveCfg = Release|x64
		{6EAB880B-DAB4-887C-6330-9F7CCF38947C}.Release|x64.Build.0 = Release|x64
		{16CFA17C-0206-A30D-ABF2-881097081F0F}.Debug|x64.ActiveCfg = Debug|x64
		{16CFA17C-0206-A30D-ABF2-881097081F0F}.Debug|x64.Build.0 = Debug|x64
		{16CFA17C-0206-A30D-ABF2-881097081F0F}.Release|x64.ActiveCfg = Release|x64
		{16CFA17C-0206-A30D-ABF2-881097081F0F}.Release|x64.Build.0 = Release|x64
		{BA04ACFA-A6D2-9F00-8F66-10277BD37B65}.Debug|x64.ActiveCfg = Debug|x64
		{BA04ACFA-A6D2-9F00-8F66-10277BD37B65}.Debug|x64.Build.0 = Debug|x64
		{BA04ACFA-A6D2-9F00-8F66-10277BD37B65}.Release|x64.ActiveCfg = Release|x64
		{BA04ACFA-A6D2-9F00-8F66-10277BD37B65}.Release|x64.Build.0 = Release|x64
		{2D301565-1993-A409-C218-DDBFAE5A708C}.Debug|x64.ActiveCfg = Debug|x64
		{2D301565-1993-A409-C218-DDBFAE5A708C}.Debug|x64.Build.0 = Debug|x64
		{2D301565-1993-A409-C218-DDBFAE5A708C}.Release|x64.ActiveCfg = Release|x64
		{2D301565-1993-A409-C218-DDBFAE5A708C}.Release|x64.Build.0 = Release|x64
	EndGlobalSection
	GlobalSection(SolutionProperties) = preSolution
		HideSolutionNode = FALSE
	EndGlobalSection
	GlobalSection(NestedProjects) = preSolution
		{1AAFCB23-86C5-C9B9-CF3C-55DB3B929A41} = {8249BEE1-6EAC-4D86-1732-863C03741909}
		{2EB4837C-1AEB-840D-C3D7-6A10AFED000F} = {1AAFCB23-86C5-C9B9-CF3C-55DB3B929A41}
		{8073E029-6C02-6AF3-1521-7EEE018F7A99} = {8249BEE1-6EAC-4D86-1732-863C03741909}
		{1450616A-802F-E005-8947-6BDCF5A54667} = {8073E029-6C02-6AF3-1521-7EEE018F7A99}
		{78805249-E4E1-2F57-6D4F-7609D9AF6616} = {8249BEE1-6EAC-4D86-1732-863C03741909}
		{8C1A20B0-78BC-4A86-6177-5EDA4DB8D1D6} = {78805249-E4E1-2F57-6D4F-7609D9AF6616}
		{6BA4CD23-D7BA-CBB9-2032-57DB8C879C41} = {8249BEE1-6EAC-4D86-1732-863C03741909}
		{7FA9857C-6BE0-860D-14CD-6C1000E3020F} = {6BA4CD23-D7BA-CBB9-2032-57DB8C879C41}
		{E087650D-4C9C-8DBE-151E-311E81F189EF} = {376E56B9-2367-750B-4C99-5A9038F15417}
		{6EAB880B-DAB4-887C-6330-9F7CCF38947C} = {376E56B9-2367-750B-4C99-5A9038F15417}
		{16CFA17C-0206-A30D-ABF2-881097081F0F} = {376E56B9-2367-750B-4C99-5A9038F15417}
		{095B6B41-F53E-2C97-5E9F-26EA4AA21619} = {4B8ECD5D-3746-0FAB-A04D-E8068C24AA9B}
		{BA04ACFA-A6D2-9F00-8F66-10277BD37B65} = {095B6B41-F53E-2C97-5E9F-26EA4AA21619}
		{2D301565-1993-A409-C218-DDBFAE5A708C} = {095B6B41-F53E-2C97-5E9F-26EA4AA21619}
	EndGlobalSection
EndGlobal
