
Microsoft Visual Studio Solution File, Format Version 12.00
# Visual Studio Version 16
Project("{2150E333-8FDC-42A3-9474-1A3956D46DE8}") = "Engine", "Engine", "{8249BEE1-6EAC-4D86-1732-863C03741909}"
EndProject
Project("{2150E333-8FDC-42A3-9474-1A3956D46DE8}") = "Editor", "Editor", "{78805249-E4E1-2F57-6D4F-7609D9AF6616}"
EndProject
Project("{8BC9CEB8-8B4A-11D0-8D11-00A0C91BC942}") = "DUT_Graphics", "Temp\ProjectFiles\DUT_Graphics.vcxproj", "{2258D0E6-0EBB-5F8B-B740-9841A3822B0E}"
EndProject
Project("{8BC9CEB8-8B4A-11D0-8D11-00A0C91BC942}") = "JGEditor", "Temp\ProjectFiles\JGEditor.vcxproj", "{5DC262C8-498F-BDD3-72A8-AB7B5ED4F261}"
EndProject
Project("{2150E333-8FDC-42A3-9474-1A3956D46DE8}") = "Programs", "Programs", "{3C178D51-A883-484C-7177-E0A9DDA26AB4}"
EndProject
Project("{8BC9CEB8-8B4A-11D0-8D11-00A0C91BC942}") = "JGBuildTool", "Temp\ProjectFiles\JGBuildTool.vcxproj", "{2472212F-9027-9A24-191C-94FB85D09028}"
EndProject
Project("{8BC9CEB8-8B4A-11D0-8D11-00A0C91BC942}") = "JGConsole", "Temp\ProjectFiles\JGConsole.vcxproj", "{2941C954-95AB-7DCB-DEE9-2E714A935B20}"
EndProject
Project("{8BC9CEB8-8B4A-11D0-8D11-00A0C91BC942}") = "JGHeaderTool", "Temp\ProjectFiles\JGHeaderTool.vcxproj", "{9DBA4C1E-891D-DCC2-32A3-14791EE5A745}"
EndProject
Project("{8BC9CEB8-8B4A-11D0-8D11-00A0C91BC942}") = "JGLauncher", "Temp\ProjectFiles\JGLauncher.vcxproj", "{688C8516-5444-C763-BD4B-A0BFA9226254}"
EndProject
Project("{2150E333-8FDC-42A3-9474-1A3956D46DE8}") = "Runtime", "Runtime", "{B5B85984-A147-E34D-4A66-F74836D4F3F3}"
EndProject
Project("{8BC9CEB8-8B4A-11D0-8D11-00A0C91BC942}") = "CodeGen", "Temp\ProjectFiles\CodeGen.vcxproj", "{DA517433-4631-F3CE-4F49-7EA5BBA75930}"
EndProject
Project("{8BC9CEB8-8B4A-11D0-8D11-00A0C91BC942}") = "Core", "Temp\ProjectFiles\Core.vcxproj", "{2EB4837C-1AEB-840D-C3D7-6A10AFED000F}"
EndProject
Project("{8BC9CEB8-8B4A-11D0-8D11-00A0C91BC942}") = "GUI", "Temp\ProjectFiles\GUI.vcxproj", "{2AEC870B-96F5-877C-1F71-9E7C8B79937C}"
EndProject
Project("{8BC9CEB8-8B4A-11D0-8D11-00A0C91BC942}") = "Game", "Temp\ProjectFiles\Game.vcxproj", "{7FA9857C-6BE0-860D-14CD-6C1000E3020F}"
EndProject
Project("{8BC9CEB8-8B4A-11D0-8D11-00A0C91BC942}") = "GameFrameWorks", "Temp\ProjectFiles\GameFrameWorks.vcxproj", "{C089343B-AC57-2841-95EB-9867815804A6}"
EndProject
Project("{8BC9CEB8-8B4A-11D0-8D11-00A0C91BC942}") = "Graphics", "Temp\ProjectFiles\Graphics.vcxproj", "{1653CE33-0220-293F-2B39-17E717655ECD}"
EndProject
Global
	GlobalSection(SolutionConfigurationPlatforms) = preSolution
		ConfirmGame|x64 = ConfirmGame|x64
		DevelopEngine|x64 = DevelopEngine|x64
		DevelopGame|x64 = DevelopGame|x64
		ReleaseGame|x64 = ReleaseGame|x64
	EndGlobalSection
	GlobalSection(ProjectConfigurationPlatforms) = postSolution
		{2258D0E6-0EBB-5F8B-B740-9841A3822B0E}.ConfirmGame|x64.ActiveCfg = ConfirmGame|x64
		{2258D0E6-0EBB-5F8B-B740-9841A3822B0E}.ConfirmGame|x64.Build.0 = ConfirmGame|x64
		{2258D0E6-0EBB-5F8B-B740-9841A3822B0E}.DevelopEngine|x64.ActiveCfg = DevelopEngine|x64
		{2258D0E6-0EBB-5F8B-B740-9841A3822B0E}.DevelopEngine|x64.Build.0 = DevelopEngine|x64
		{2258D0E6-0EBB-5F8B-B740-9841A3822B0E}.DevelopGame|x64.ActiveCfg = DevelopGame|x64
		{2258D0E6-0EBB-5F8B-B740-9841A3822B0E}.DevelopGame|x64.Build.0 = DevelopGame|x64
		{2258D0E6-0EBB-5F8B-B740-9841A3822B0E}.ReleaseGame|x64.ActiveCfg = ReleaseGame|x64
		{2258D0E6-0EBB-5F8B-B740-9841A3822B0E}.ReleaseGame|x64.Build.0 = ReleaseGame|x64
		{5DC262C8-498F-BDD3-72A8-AB7B5ED4F261}.ConfirmGame|x64.ActiveCfg = ConfirmGame|x64
		{5DC262C8-498F-BDD3-72A8-AB7B5ED4F261}.ConfirmGame|x64.Build.0 = ConfirmGame|x64
		{5DC262C8-498F-BDD3-72A8-AB7B5ED4F261}.DevelopEngine|x64.ActiveCfg = DevelopEngine|x64
		{5DC262C8-498F-BDD3-72A8-AB7B5ED4F261}.DevelopEngine|x64.Build.0 = DevelopEngine|x64
		{5DC262C8-498F-BDD3-72A8-AB7B5ED4F261}.DevelopGame|x64.ActiveCfg = DevelopGame|x64
		{5DC262C8-498F-BDD3-72A8-AB7B5ED4F261}.DevelopGame|x64.Build.0 = DevelopGame|x64
		{5DC262C8-498F-BDD3-72A8-AB7B5ED4F261}.ReleaseGame|x64.ActiveCfg = ReleaseGame|x64
		{5DC262C8-498F-BDD3-72A8-AB7B5ED4F261}.ReleaseGame|x64.Build.0 = ReleaseGame|x64
		{2472212F-9027-9A24-191C-94FB85D09028}.ConfirmGame|x64.ActiveCfg = ConfirmGame|x64
		{2472212F-9027-9A24-191C-94FB85D09028}.ConfirmGame|x64.Build.0 = ConfirmGame|x64
		{2472212F-9027-9A24-191C-94FB85D09028}.DevelopEngine|x64.ActiveCfg = DevelopEngine|x64
		{2472212F-9027-9A24-191C-94FB85D09028}.DevelopEngine|x64.Build.0 = DevelopEngine|x64
		{2472212F-9027-9A24-191C-94FB85D09028}.DevelopGame|x64.ActiveCfg = DevelopGame|x64
		{2472212F-9027-9A24-191C-94FB85D09028}.DevelopGame|x64.Build.0 = DevelopGame|x64
		{2472212F-9027-9A24-191C-94FB85D09028}.ReleaseGame|x64.ActiveCfg = ReleaseGame|x64
		{2472212F-9027-9A24-191C-94FB85D09028}.ReleaseGame|x64.Build.0 = ReleaseGame|x64
		{2941C954-95AB-7DCB-DEE9-2E714A935B20}.ConfirmGame|x64.ActiveCfg = ConfirmGame|x64
		{2941C954-95AB-7DCB-DEE9-2E714A935B20}.ConfirmGame|x64.Build.0 = ConfirmGame|x64
		{2941C954-95AB-7DCB-DEE9-2E714A935B20}.DevelopEngine|x64.ActiveCfg = DevelopEngine|x64
		{2941C954-95AB-7DCB-DEE9-2E714A935B20}.DevelopEngine|x64.Build.0 = DevelopEngine|x64
		{2941C954-95AB-7DCB-DEE9-2E714A935B20}.DevelopGame|x64.ActiveCfg = DevelopGame|x64
		{2941C954-95AB-7DCB-DEE9-2E714A935B20}.DevelopGame|x64.Build.0 = DevelopGame|x64
		{2941C954-95AB-7DCB-DEE9-2E714A935B20}.ReleaseGame|x64.ActiveCfg = ReleaseGame|x64
		{2941C954-95AB-7DCB-DEE9-2E714A935B20}.ReleaseGame|x64.Build.0 = ReleaseGame|x64
		{9DBA4C1E-891D-DCC2-32A3-14791EE5A745}.ConfirmGame|x64.ActiveCfg = ConfirmGame|x64
		{9DBA4C1E-891D-DCC2-32A3-14791EE5A745}.ConfirmGame|x64.Build.0 = ConfirmGame|x64
		{9DBA4C1E-891D-DCC2-32A3-14791EE5A745}.DevelopEngine|x64.ActiveCfg = DevelopEngine|x64
		{9DBA4C1E-891D-DCC2-32A3-14791EE5A745}.DevelopEngine|x64.Build.0 = DevelopEngine|x64
		{9DBA4C1E-891D-DCC2-32A3-14791EE5A745}.DevelopGame|x64.ActiveCfg = DevelopGame|x64
		{9DBA4C1E-891D-DCC2-32A3-14791EE5A745}.DevelopGame|x64.Build.0 = DevelopGame|x64
		{9DBA4C1E-891D-DCC2-32A3-14791EE5A745}.ReleaseGame|x64.ActiveCfg = ReleaseGame|x64
		{9DBA4C1E-891D-DCC2-32A3-14791EE5A745}.ReleaseGame|x64.Build.0 = ReleaseGame|x64
		{688C8516-5444-C763-BD4B-A0BFA9226254}.ConfirmGame|x64.ActiveCfg = ConfirmGame|x64
		{688C8516-5444-C763-BD4B-A0BFA9226254}.ConfirmGame|x64.Build.0 = ConfirmGame|x64
		{688C8516-5444-C763-BD4B-A0BFA9226254}.DevelopEngine|x64.ActiveCfg = DevelopEngine|x64
		{688C8516-5444-C763-BD4B-A0BFA9226254}.DevelopEngine|x64.Build.0 = DevelopEngine|x64
		{688C8516-5444-C763-BD4B-A0BFA9226254}.DevelopGame|x64.ActiveCfg = DevelopGame|x64
		{688C8516-5444-C763-BD4B-A0BFA9226254}.DevelopGame|x64.Build.0 = DevelopGame|x64
		{688C8516-5444-C763-BD4B-A0BFA9226254}.ReleaseGame|x64.ActiveCfg = ReleaseGame|x64
		{688C8516-5444-C763-BD4B-A0BFA9226254}.ReleaseGame|x64.Build.0 = ReleaseGame|x64
		{DA517433-4631-F3CE-4F49-7EA5BBA75930}.ConfirmGame|x64.ActiveCfg = ConfirmGame|x64
		{DA517433-4631-F3CE-4F49-7EA5BBA75930}.ConfirmGame|x64.Build.0 = ConfirmGame|x64
		{DA517433-4631-F3CE-4F49-7EA5BBA75930}.DevelopEngine|x64.ActiveCfg = DevelopEngine|x64
		{DA517433-4631-F3CE-4F49-7EA5BBA75930}.DevelopEngine|x64.Build.0 = DevelopEngine|x64
		{DA517433-4631-F3CE-4F49-7EA5BBA75930}.DevelopGame|x64.ActiveCfg = DevelopGame|x64
		{DA517433-4631-F3CE-4F49-7EA5BBA75930}.DevelopGame|x64.Build.0 = DevelopGame|x64
		{DA517433-4631-F3CE-4F49-7EA5BBA75930}.ReleaseGame|x64.ActiveCfg = ReleaseGame|x64
		{DA517433-4631-F3CE-4F49-7EA5BBA75930}.ReleaseGame|x64.Build.0 = ReleaseGame|x64
		{2EB4837C-1AEB-840D-C3D7-6A10AFED000F}.ConfirmGame|x64.ActiveCfg = ConfirmGame|x64
		{2EB4837C-1AEB-840D-C3D7-6A10AFED000F}.ConfirmGame|x64.Build.0 = ConfirmGame|x64
		{2EB4837C-1AEB-840D-C3D7-6A10AFED000F}.DevelopEngine|x64.ActiveCfg = DevelopEngine|x64
		{2EB4837C-1AEB-840D-C3D7-6A10AFED000F}.DevelopEngine|x64.Build.0 = DevelopEngine|x64
		{2EB4837C-1AEB-840D-C3D7-6A10AFED000F}.DevelopGame|x64.ActiveCfg = DevelopGame|x64
		{2EB4837C-1AEB-840D-C3D7-6A10AFED000F}.DevelopGame|x64.Build.0 = DevelopGame|x64
		{2EB4837C-1AEB-840D-C3D7-6A10AFED000F}.ReleaseGame|x64.ActiveCfg = ReleaseGame|x64
		{2EB4837C-1AEB-840D-C3D7-6A10AFED000F}.ReleaseGame|x64.Build.0 = ReleaseGame|x64
		{2AEC870B-96F5-877C-1F71-9E7C8B79937C}.ConfirmGame|x64.ActiveCfg = ConfirmGame|x64
		{2AEC870B-96F5-877C-1F71-9E7C8B79937C}.ConfirmGame|x64.Build.0 = ConfirmGame|x64
		{2AEC870B-96F5-877C-1F71-9E7C8B79937C}.DevelopEngine|x64.ActiveCfg = DevelopEngine|x64
		{2AEC870B-96F5-877C-1F71-9E7C8B79937C}.DevelopEngine|x64.Build.0 = DevelopEngine|x64
		{2AEC870B-96F5-877C-1F71-9E7C8B79937C}.DevelopGame|x64.ActiveCfg = DevelopGame|x64
		{2AEC870B-96F5-877C-1F71-9E7C8B79937C}.DevelopGame|x64.Build.0 = DevelopGame|x64
		{2AEC870B-96F5-877C-1F71-9E7C8B79937C}.ReleaseGame|x64.ActiveCfg = ReleaseGame|x64
		{2AEC870B-96F5-877C-1F71-9E7C8B79937C}.ReleaseGame|x64.Build.0 = ReleaseGame|x64
		{7FA9857C-6BE0-860D-14CD-6C1000E3020F}.ConfirmGame|x64.ActiveCfg = ConfirmGame|x64
		{7FA9857C-6BE0-860D-14CD-6C1000E3020F}.ConfirmGame|x64.Build.0 = ConfirmGame|x64
		{7FA9857C-6BE0-860D-14CD-6C1000E3020F}.DevelopEngine|x64.ActiveCfg = DevelopEngine|x64
		{7FA9857C-6BE0-860D-14CD-6C1000E3020F}.DevelopEngine|x64.Build.0 = DevelopEngine|x64
		{7FA9857C-6BE0-860D-14CD-6C1000E3020F}.DevelopGame|x64.ActiveCfg = DevelopGame|x64
		{7FA9857C-6BE0-860D-14CD-6C1000E3020F}.DevelopGame|x64.Build.0 = DevelopGame|x64
		{7FA9857C-6BE0-860D-14CD-6C1000E3020F}.ReleaseGame|x64.ActiveCfg = ReleaseGame|x64
		{7FA9857C-6BE0-860D-14CD-6C1000E3020F}.ReleaseGame|x64.Build.0 = ReleaseGame|x64
		{C089343B-AC57-2841-95EB-9867815804A6}.ConfirmGame|x64.ActiveCfg = ConfirmGame|x64
		{C089343B-AC57-2841-95EB-9867815804A6}.ConfirmGame|x64.Build.0 = ConfirmGame|x64
		{C089343B-AC57-2841-95EB-9867815804A6}.DevelopEngine|x64.ActiveCfg = DevelopEngine|x64
		{C089343B-AC57-2841-95EB-9867815804A6}.DevelopEngine|x64.Build.0 = DevelopEngine|x64
		{C089343B-AC57-2841-95EB-9867815804A6}.DevelopGame|x64.ActiveCfg = DevelopGame|x64
		{C089343B-AC57-2841-95EB-9867815804A6}.DevelopGame|x64.Build.0 = DevelopGame|x64
		{C089343B-AC57-2841-95EB-9867815804A6}.ReleaseGame|x64.ActiveCfg = ReleaseGame|x64
		{C089343B-AC57-2841-95EB-9867815804A6}.ReleaseGame|x64.Build.0 = ReleaseGame|x64
		{1653CE33-0220-293F-2B39-17E717655ECD}.ConfirmGame|x64.ActiveCfg = ConfirmGame|x64
		{1653CE33-0220-293F-2B39-17E717655ECD}.ConfirmGame|x64.Build.0 = ConfirmGame|x64
		{1653CE33-0220-293F-2B39-17E717655ECD}.DevelopEngine|x64.ActiveCfg = DevelopEngine|x64
		{1653CE33-0220-293F-2B39-17E717655ECD}.DevelopEngine|x64.Build.0 = DevelopEngine|x64
		{1653CE33-0220-293F-2B39-17E717655ECD}.DevelopGame|x64.ActiveCfg = DevelopGame|x64
		{1653CE33-0220-293F-2B39-17E717655ECD}.DevelopGame|x64.Build.0 = DevelopGame|x64
		{1653CE33-0220-293F-2B39-17E717655ECD}.ReleaseGame|x64.ActiveCfg = ReleaseGame|x64
		{1653CE33-0220-293F-2B39-17E717655ECD}.ReleaseGame|x64.Build.0 = ReleaseGame|x64
	EndGlobalSection
	GlobalSection(SolutionProperties) = preSolution
		HideSolutionNode = FALSE
	EndGlobalSection
	GlobalSection(NestedProjects) = preSolution
		{78805249-E4E1-2F57-6D4F-7609D9AF6616} = {8249BEE1-6EAC-4D86-1732-863C03741909}
		{2258D0E6-0EBB-5F8B-B740-9841A3822B0E} = {78805249-E4E1-2F57-6D4F-7609D9AF6616}
		{5DC262C8-498F-BDD3-72A8-AB7B5ED4F261} = {78805249-E4E1-2F57-6D4F-7609D9AF6616}
		{3C178D51-A883-484C-7177-E0A9DDA26AB4} = {8249BEE1-6EAC-4D86-1732-863C03741909}
		{2472212F-9027-9A24-191C-94FB85D09028} = {3C178D51-A883-484C-7177-E0A9DDA26AB4}
		{2941C954-95AB-7DCB-DEE9-2E714A935B20} = {3C178D51-A883-484C-7177-E0A9DDA26AB4}
		{9DBA4C1E-891D-DCC2-32A3-14791EE5A745} = {3C178D51-A883-484C-7177-E0A9DDA26AB4}
		{688C8516-5444-C763-BD4B-A0BFA9226254} = {3C178D51-A883-484C-7177-E0A9DDA26AB4}
		{B5B85984-A147-E34D-4A66-F74836D4F3F3} = {8249BEE1-6EAC-4D86-1732-863C03741909}
		{DA517433-4631-F3CE-4F49-7EA5BBA75930} = {B5B85984-A147-E34D-4A66-F74836D4F3F3}
		{2EB4837C-1AEB-840D-C3D7-6A10AFED000F} = {B5B85984-A147-E34D-4A66-F74836D4F3F3}
		{2AEC870B-96F5-877C-1F71-9E7C8B79937C} = {B5B85984-A147-E34D-4A66-F74836D4F3F3}
		{7FA9857C-6BE0-860D-14CD-6C1000E3020F} = {B5B85984-A147-E34D-4A66-F74836D4F3F3}
		{C089343B-AC57-2841-95EB-9867815804A6} = {B5B85984-A147-E34D-4A66-F74836D4F3F3}
		{1653CE33-0220-293F-2B39-17E717655ECD} = {B5B85984-A147-E34D-4A66-F74836D4F3F3}
	EndGlobalSection
EndGlobal
