<?xml version="1.0" encoding="utf-8"?>
<Project ToolsVersion="4.0" xmlns="http://schemas.microsoft.com/developer/msbuild/2003">
  <ItemGroup>
    <Filter Include="DllMain">
      <UniqueIdentifier>{4FC737F1-C7A5-4376-A066-2A32D752A2FF}</UniqueIdentifier>
      <Extensions>cpp;c;cc;cxx;def;odl;idl;hpj;bat;asm;asmx</Extensions>
    </Filter>
    <Filter Include="GameLogic">
      <UniqueIdentifier>{252c22ba-b615-4975-87d4-2507688c8bde}</UniqueIdentifier>
    </Filter>
    <Filter Include="Game">
      <UniqueIdentifier>{8f5556af-cd51-4a94-866c-ca442b840885}</UniqueIdentifier>
    </Filter>
    <Filter Include="Game\SampleWorld">
      <UniqueIdentifier>{b2aef688-309a-4e9c-83fc-cfc428590c08}</UniqueIdentifier>
    </Filter>
    <Filter Include="Game\Anim">
      <UniqueIdentifier>{9d29732f-f1b1-4833-af26-81c69d0b953c}</UniqueIdentifier>
    </Filter>
    <Filter Include="Game\Anim\Player">
      <UniqueIdentifier>{f0044eff-04af-468d-8335-60c0ebebe67b}</UniqueIdentifier>
    </Filter>
    <Filter Include="Game\Character">
      <UniqueIdentifier>{d4d0ab22-1228-4e5a-b2fe-b53690818e6e}</UniqueIdentifier>
    </Filter>
    <Filter Include="Game\StaticFilter">
      <UniqueIdentifier>{e491bec8-e173-48f6-b49e-9b5bfe50fa84}</UniqueIdentifier>
    </Filter>
  </ItemGroup>
  <ItemGroup>
    <ClCompile Include="dllmain.cpp">
      <Filter>DllMain</Filter>
    </ClCompile>
    <ClCompile Include="GameLogic.cpp">
      <Filter>GameLogic</Filter>
    </ClCompile>
    <ClCompile Include="GameStage\GameStage.cpp">
      <Filter>Game</Filter>
    </ClCompile>
    <ClCompile Include="GameStage\SampleWorldSpawner.cpp">
      <Filter>Game\SampleWorld</Filter>
    </ClCompile>
    <ClCompile Include="Anim\Player\Anim_Player.cpp">
      <Filter>Game\Anim\Player</Filter>
    </ClCompile>
    <ClCompile Include="Character\Player.cpp">
      <Filter>Game\Character</Filter>
    </ClCompile>
  </ItemGroup>
  <ItemGroup>
    <ClInclude Include="GameLogic.h">
      <Filter>GameLogic</Filter>
    </ClInclude>
    <ClInclude Include="GameStage\GameStage.h">
      <Filter>Game</Filter>
    </ClInclude>
    <ClInclude Include="GameStage\SampleWorldSpawner.h">
      <Filter>Game\SampleWorld</Filter>
    </ClInclude>
    <ClInclude Include="Anim\Player\Anim_Player.h">
      <Filter>Game\Anim\Player</Filter>
    </ClInclude>
    <ClInclude Include="Character\Player.h">
      <Filter>Game\Character</Filter>
    </ClInclude>
    <ClInclude Include="StaticFilter\StaticCollisionFilter.h">
      <Filter>Game\StaticFilter</Filter>
    </ClInclude>
  </ItemGroup>
</Project>