<?xml version="1.0" encoding="utf-8"?>
<Project ToolsVersion="4.0" xmlns="http://schemas.microsoft.com/developer/msbuild/2003">
  <ItemGroup>
    <Filter Include="DllMain">
      <UniqueIdentifier>{4FC737F1-C7A5-4376-A066-2A32D752A2FF}</UniqueIdentifier>
      <Extensions>cpp;c;cc;cxx;def;odl;idl;hpj;bat;asm;asmx</Extensions>
    </Filter>
    <Filter Include="GameLogic">
      <UniqueIdentifier>{252c22ba-b615-4975-87d4-2507688c8bde}</UniqueIdentifier>
    </Filter>
    <Filter Include="Game">
      <UniqueIdentifier>{8f5556af-cd51-4a94-866c-ca442b840885}</UniqueIdentifier>
    </Filter>
    <Filter Include="Game\Anim">
      <UniqueIdentifier>{9d29732f-f1b1-4833-af26-81c69d0b953c}</UniqueIdentifier>
    </Filter>
    <Filter Include="Game\Anim\Player">
      <UniqueIdentifier>{f0044eff-04af-468d-8335-60c0ebebe67b}</UniqueIdentifier>
    </Filter>
    <Filter Include="Game\Character">
      <UniqueIdentifier>{d4d0ab22-1228-4e5a-b2fe-b53690818e6e}</UniqueIdentifier>
    </Filter>
    <Filter Include="Game\StaticFilter">
      <UniqueIdentifier>{e491bec8-e173-48f6-b49e-9b5bfe50fa84}</UniqueIdentifier>
    </Filter>
    <Filter Include="Game\Character\Skill">
      <UniqueIdentifier>{1475c01f-2f36-4d4f-9fd3-3a0eedd5fe15}</UniqueIdentifier>
    </Filter>
    <Filter Include="Game\Widget">
      <UniqueIdentifier>{bc5e4498-3be8-4cb1-8b82-77b3376eff77}</UniqueIdentifier>
    </Filter>
    <Filter Include="Game\Widget\StartMainWidget">
      <UniqueIdentifier>{216ae750-2c82-4cea-9c0b-090efac1d2b2}</UniqueIdentifier>
    </Filter>
    <Filter Include="Game\WorldSpawner">
      <UniqueIdentifier>{beeb6870-6a30-4fc0-8418-354ed438aff4}</UniqueIdentifier>
    </Filter>
    <Filter Include="Game\WorldSpawner\StartMainMenu">
      <UniqueIdentifier>{56b3b6ea-5189-42f6-a779-496f1497df30}</UniqueIdentifier>
    </Filter>
    <Filter Include="Game\WorldSpawner\LoadingWorld">
      <UniqueIdentifier>{6cea59ef-0371-4ee8-a94c-bcbbefd9c635}</UniqueIdentifier>
    </Filter>
    <Filter Include="Game\Widget\LoadingWidget">
      <UniqueIdentifier>{69e8a326-ac53-4560-b5b4-525b2dc9309c}</UniqueIdentifier>
    </Filter>
    <Filter Include="Game\WorldSpawner\DemoWorld">
      <UniqueIdentifier>{97ade016-da32-4d14-8950-39f5a130147e}</UniqueIdentifier>
    </Filter>
    <Filter Include="Game\Character\SkillObject">
      <UniqueIdentifier>{e5bbaf2c-4d1d-4dc5-af10-481a9c58a41a}</UniqueIdentifier>
    </Filter>
    <Filter Include="Game\EnemyUnit">
      <UniqueIdentifier>{01a9db74-71d5-482d-a67c-a9ef4e99fad9}</UniqueIdentifier>
    </Filter>
  </ItemGroup>
  <ItemGroup>
    <ClCompile Include="dllmain.cpp">
      <Filter>DllMain</Filter>
    </ClCompile>
    <ClCompile Include="GameLogic.cpp">
      <Filter>GameLogic</Filter>
    </ClCompile>
    <ClCompile Include="GameStage\GameStage.cpp">
      <Filter>Game</Filter>
    </ClCompile>
    <ClCompile Include="Anim\Player\Anim_Player.cpp">
      <Filter>Game\Anim\Player</Filter>
    </ClCompile>
    <ClCompile Include="Character\Player.cpp">
      <Filter>Game\Character</Filter>
    </ClCompile>
    <ClCompile Include="Character\Skill\DefaultAttackComponent.cpp">
      <Filter>Game\Character\Skill</Filter>
    </ClCompile>
    <ClCompile Include="Character\Skill\DefaultSkillComponent.cpp">
      <Filter>Game\Character\Skill</Filter>
    </ClCompile>
    <ClCompile Include="Character\Skill\AttackBaseComponent.cpp">
      <Filter>Game\Character\Skill</Filter>
    </ClCompile>
    <ClCompile Include="Character\Skill\SpecialSkillComponent.cpp">
      <Filter>Game\Character\Skill</Filter>
    </ClCompile>
    <ClCompile Include="Character\Skill\SitSkillComponent.cpp">
      <Filter>Game\Character\Skill</Filter>
    </ClCompile>
    <ClCompile Include="Widget\StartMainWidget\StartMainWidget.cpp">
      <Filter>Game\Widget\StartMainWidget</Filter>
    </ClCompile>
    <ClCompile Include="WorldSpawner\StartMainMenu\StartMainMenuSpawner.cpp">
      <Filter>Game\WorldSpawner\StartMainMenu</Filter>
    </ClCompile>
    <ClCompile Include="WorldSpawner\LoadingWorld\LoadingSpawner.cpp">
      <Filter>Game\WorldSpawner\LoadingWorld</Filter>
    </ClCompile>
    <ClCompile Include="Widget\LoadingWidget\LoadingWidget.cpp">
      <Filter>Game\Widget\LoadingWidget</Filter>
    </ClCompile>
    <ClCompile Include="WorldSpawner\DemoWorld\DemoWorldSpawner.cpp">
      <Filter>Game\WorldSpawner\DemoWorld</Filter>
    </ClCompile>
    <ClCompile Include="Character\SkillObject\DefaultAttackObject.cpp">
      <Filter>Game\Character\SkillObject</Filter>
    </ClCompile>
    <ClCompile Include="EnemyUnit\EnemyUnitBase.cpp">
      <Filter>Game\EnemyUnit</Filter>
    </ClCompile>
  </ItemGroup>
  <ItemGroup>
    <ClInclude Include="GameLogic.h">
      <Filter>GameLogic</Filter>
    </ClInclude>
    <ClInclude Include="GameStage\GameStage.h">
      <Filter>Game</Filter>
    </ClInclude>
    <ClInclude Include="Anim\Player\Anim_Player.h">
      <Filter>Game\Anim\Player</Filter>
    </ClInclude>
    <ClInclude Include="Character\Player.h">
      <Filter>Game\Character</Filter>
    </ClInclude>
    <ClInclude Include="StaticFilter\StaticCollisionFilter.h">
      <Filter>Game\StaticFilter</Filter>
    </ClInclude>
    <ClInclude Include="Character\Skill\DefaultAttackComponent.h">
      <Filter>Game\Character\Skill</Filter>
    </ClInclude>
    <ClInclude Include="Character\Skill\DefaultSkillComponent.h">
      <Filter>Game\Character\Skill</Filter>
    </ClInclude>
    <ClInclude Include="Character\Skill\AttackBaseComponent.h">
      <Filter>Game\Character\Skill</Filter>
    </ClInclude>
    <ClInclude Include="Character\Skill\SpecialSkillComponent.h">
      <Filter>Game\Character\Skill</Filter>
    </ClInclude>
    <ClInclude Include="Character\Skill\SitSkillComponent.h">
      <Filter>Game\Character\Skill</Filter>
    </ClInclude>
    <ClInclude Include="Widget\StartMainWidget\StartMainWidget.h">
      <Filter>Game\Widget\StartMainWidget</Filter>
    </ClInclude>
    <ClInclude Include="WorldSpawner\StartMainMenu\StartMainMenuSpawner.h">
      <Filter>Game\WorldSpawner\StartMainMenu</Filter>
    </ClInclude>
    <ClInclude Include="WorldSpawner\LoadingWorld\LoadingSpawner.h">
      <Filter>Game\WorldSpawner\LoadingWorld</Filter>
    </ClInclude>
    <ClInclude Include="Widget\LoadingWidget\LoadingWidget.h">
      <Filter>Game\Widget\LoadingWidget</Filter>
    </ClInclude>
    <ClInclude Include="WorldSpawner\DemoWorld\DemoWorldSpawner.h">
      <Filter>Game\WorldSpawner\DemoWorld</Filter>
    </ClInclude>
    <ClInclude Include="Character\SkillObject\DefaultAttackObject.h">
      <Filter>Game\Character\SkillObject</Filter>
    </ClInclude>
    <ClInclude Include="EnemyUnit\EnemyUnitBase.h">
      <Filter>Game\EnemyUnit</Filter>
    </ClInclude>
  </ItemGroup>
</Project>