
Microsoft Visual Studio Solution File, Format Version 12.00
# Visual Studio Version 16
Project("{8BC9CEB8-8B4A-11D0-8D11-00A0C91BC942}") = "ALL_BUILD", "ALL_BUILD.vcxproj", "{1F14CF7A-9106-320B-8399-09176316AB60}"
	ProjectSection(ProjectDependencies) = postProject
		{95A20125-0DAD-3571-8E36-8718B913D59D} = {95A20125-0DAD-3571-8E36-8718B913D59D}
	EndProjectSection
EndProject
Project("{8BC9CEB8-8B4A-11D0-8D11-00A0C91BC942}") = "ZERO_CHECK", "ZERO_CHECK.vcxproj", "{95A20125-0DAD-3571-8E36-8718B913D59D}"
	ProjectSection(ProjectDependencies) = postProject
	EndProjectSection
EndProject
Global
	GlobalSection(SolutionConfigurationPlatforms) = preSolution
		Debug|x64 = Debug|x64
		Release|x64 = Release|x64
		MinSizeRel|x64 = MinSizeRel|x64
		RelWithDebInfo|x64 = RelWithDebInfo|x64
	EndGlobalSection
	GlobalSection(ProjectConfigurationPlatforms) = postSolution
		{1F14CF7A-9106-320B-8399-09176316AB60}.Debug|x64.ActiveCfg = Debug|x64
		{1F14CF7A-9106-320B-8399-09176316AB60}.Release|x64.ActiveCfg = Release|x64
		{1F14CF7A-9106-320B-8399-09176316AB60}.MinSizeRel|x64.ActiveCfg = MinSizeRel|x64
		{1F14CF7A-9106-320B-8399-09176316AB60}.RelWithDebInfo|x64.ActiveCfg = RelWithDebInfo|x64
		{95A20125-0DAD-3571-8E36-8718B913D59D}.Debug|x64.ActiveCfg = Debug|x64
		{95A20125-0DAD-3571-8E36-8718B913D59D}.Debug|x64.Build.0 = Debug|x64
		{95A20125-0DAD-3571-8E36-8718B913D59D}.Release|x64.ActiveCfg = Release|x64
		{95A20125-0DAD-3571-8E36-8718B913D59D}.Release|x64.Build.0 = Release|x64
		{95A20125-0DAD-3571-8E36-8718B913D59D}.MinSizeRel|x64.ActiveCfg = MinSizeRel|x64
		{95A20125-0DAD-3571-8E36-8718B913D59D}.MinSizeRel|x64.Build.0 = MinSizeRel|x64
		{95A20125-0DAD-3571-8E36-8718B913D59D}.RelWithDebInfo|x64.ActiveCfg = RelWithDebInfo|x64
		{95A20125-0DAD-3571-8E36-8718B913D59D}.RelWithDebInfo|x64.Build.0 = RelWithDebInfo|x64
	EndGlobalSection
	GlobalSection(ExtensibilityGlobals) = postSolution
		SolutionGuid = {ABF6465B-5F5C-35A2-BE3D-FC796249C9A7}
	EndGlobalSection
	GlobalSection(ExtensibilityAddIns) = postSolution
	EndGlobalSection
EndGlobal
