<?xml version="1.0" encoding="utf-8"?>
<Project ToolsVersion="4.0" xmlns="http://schemas.microsoft.com/developer/msbuild/2003">
  <ItemGroup>
    <Filter Include="main">
      <UniqueIdentifier>{4FC737F1-C7A5-4376-A066-2A32D752A2FF}</UniqueIdentifier>
      <Extensions>cpp;c;cc;cxx;def;odl;idl;hpj;bat;asm;asmx</Extensions>
    </Filter>
    <Filter Include="main\Include">
      <UniqueIdentifier>{8beaf72b-5404-4bfa-9bd1-ff069b908da2}</UniqueIdentifier>
    </Filter>
    <Filter Include="main\Source">
      <UniqueIdentifier>{52ab56d7-1674-43b5-b0a7-c44dc4c2f379}</UniqueIdentifier>
    </Filter>
    <Filter Include="main\Include\Common">
      <UniqueIdentifier>{92733651-989f-43dd-9829-40c93b50247b}</UniqueIdentifier>
    </Filter>
    <Filter Include="workingDirectory_DirectX">
      <UniqueIdentifier>{27d7f13c-4014-4da6-b4e5-fc76ce010883}</UniqueIdentifier>
    </Filter>
    <Filter Include="workingDirectory_DirectX\DirectX">
      <UniqueIdentifier>{5664261e-53d0-4cb2-baac-2eae2711a6c9}</UniqueIdentifier>
    </Filter>
    <Filter Include="workingDirectory_DirectX\MaterialSystem">
      <UniqueIdentifier>{40b7efc3-5113-405e-bf4d-2422b5c930f0}</UniqueIdentifier>
    </Filter>
    <Filter Include="workingDirectory_DirectX\MaterialSystem\Shader">
      <UniqueIdentifier>{5cf7ffa5-d376-4e04-9ce8-ab3f5d944333}</UniqueIdentifier>
    </Filter>
    <Filter Include="workingDirectory_DirectX\BufferSystem">
      <UniqueIdentifier>{393ee4bc-2ab7-43bc-b98f-73284112ed44}</UniqueIdentifier>
    </Filter>
    <Filter Include="workingDirectory_DirectX\TestClass">
      <UniqueIdentifier>{3232b7e6-e391-44c7-bdd0-56cbe31d91e3}</UniqueIdentifier>
    </Filter>
    <Filter Include="workingDirectory_DirectX\MaterialSystem\Shader\ShaderAnalyze">
      <UniqueIdentifier>{519306cc-b8af-41bb-8e06-1efed0ee5d1c}</UniqueIdentifier>
    </Filter>
    <Filter Include="workingDirectory_DirectX\MaterialSystem\Shader\ShaderTool">
      <UniqueIdentifier>{bcc1032a-b172-4f05-9ac9-8068ad198ab4}</UniqueIdentifier>
    </Filter>
    <Filter Include="workingDirectory_DirectX\MaterialSystem\Data">
      <UniqueIdentifier>{84293553-e6b9-48b8-a318-2284763d87d5}</UniqueIdentifier>
    </Filter>
    <Filter Include="workingDirectory_DirectX\MaterialSystem\Texture">
      <UniqueIdentifier>{f7732662-0e5a-4f13-a112-33b52d76eb91}</UniqueIdentifier>
    </Filter>
    <Filter Include="workingDirectory_DirectX\SceneRenderSystem">
      <UniqueIdentifier>{b1501405-9040-49f1-9051-30c23cc3de34}</UniqueIdentifier>
    </Filter>
  </ItemGroup>
  <ItemGroup>
    <ClCompile Include="dllmain.cpp">
      <Filter>main</Filter>
    </ClCompile>
    <ClCompile Include="Source\JGRenderCore.cpp">
      <Filter>main\Source</Filter>
    </ClCompile>
    <ClCompile Include="workingDirectory_DirectX\DirectX\DirectX.cpp">
      <Filter>workingDirectory_DirectX\DirectX</Filter>
    </ClCompile>
    <ClCompile Include="workingDirectory_DirectX\DirectX\JGDevice.cpp">
      <Filter>workingDirectory_DirectX\DirectX</Filter>
    </ClCompile>
    <ClCompile Include="workingDirectory_DirectX\DirectX\JGRenderState.cpp">
      <Filter>workingDirectory_DirectX\DirectX</Filter>
    </ClCompile>
    <ClCompile Include="workingDirectory_DirectX\DirectX\JGRenderTarget.cpp">
      <Filter>workingDirectory_DirectX\DirectX</Filter>
    </ClCompile>
    <ClCompile Include="workingDirectory_DirectX\DirectX\JGSwapChain.cpp">
      <Filter>workingDirectory_DirectX\DirectX</Filter>
    </ClCompile>
    <ClCompile Include="workingDirectory_DirectX\DirectX\JGViewport.cpp">
      <Filter>workingDirectory_DirectX\DirectX</Filter>
    </ClCompile>
    <ClCompile Include="workingDirectory_DirectX\BufferSystem\JGBuffer.cpp">
      <Filter>workingDirectory_DirectX\BufferSystem</Filter>
    </ClCompile>
    <ClCompile Include="workingDirectory_DirectX\BufferSystem\JGBufferManager.cpp">
      <Filter>workingDirectory_DirectX\BufferSystem</Filter>
    </ClCompile>
    <ClCompile Include="workingDirectory_DirectX\MaterialSystem\Shader\ShaderAnalyze\ShaderAnalyzer.cpp">
      <Filter>workingDirectory_DirectX\MaterialSystem\Shader\ShaderAnalyze</Filter>
    </ClCompile>
    <ClCompile Include="workingDirectory_DirectX\MaterialSystem\Shader\ShaderTool\ShaderCompiler.cpp">
      <Filter>workingDirectory_DirectX\MaterialSystem\Shader\ShaderTool</Filter>
    </ClCompile>
    <ClCompile Include="workingDirectory_DirectX\MaterialSystem\Shader\ShaderTool\ShaderObjectManager.cpp">
      <Filter>workingDirectory_DirectX\MaterialSystem\Shader\ShaderTool</Filter>
    </ClCompile>
    <ClCompile Include="workingDirectory_DirectX\MaterialSystem\Shader\ShaderAnalyze\LayoutInformation.cpp">
      <Filter>workingDirectory_DirectX\MaterialSystem\Shader\ShaderAnalyze</Filter>
    </ClCompile>
    <ClCompile Include="workingDirectory_DirectX\MaterialSystem\Shader\ShaderAnalyze\CBufferInformation.cpp">
      <Filter>workingDirectory_DirectX\MaterialSystem\Shader\ShaderAnalyze</Filter>
    </ClCompile>
    <ClCompile Include="workingDirectory_DirectX\MaterialSystem\Shader\ShaderAnalyze\ShaderInformation.cpp">
      <Filter>workingDirectory_DirectX\MaterialSystem\Shader\ShaderAnalyze</Filter>
    </ClCompile>
    <ClCompile Include="workingDirectory_DirectX\MaterialSystem\Shader\ShaderAnalyze\SamplerInformation.cpp">
      <Filter>workingDirectory_DirectX\MaterialSystem\Shader\ShaderAnalyze</Filter>
    </ClCompile>
    <ClCompile Include="workingDirectory_DirectX\MaterialSystem\Shader\ShaderAnalyze\TextureInformation.cpp">
      <Filter>workingDirectory_DirectX\MaterialSystem\Shader\ShaderAnalyze</Filter>
    </ClCompile>
    <ClCompile Include="workingDirectory_DirectX\MaterialSystem\MaterialReader.cpp">
      <Filter>workingDirectory_DirectX\MaterialSystem</Filter>
    </ClCompile>
    <ClCompile Include="workingDirectory_DirectX\MaterialSystem\Data\ShaderData.cpp">
      <Filter>workingDirectory_DirectX\MaterialSystem\Data</Filter>
    </ClCompile>
    <ClCompile Include="workingDirectory_DirectX\MaterialSystem\Material.cpp">
      <Filter>workingDirectory_DirectX\MaterialSystem</Filter>
    </ClCompile>
    <ClCompile Include="workingDirectory_DirectX\MaterialSystem\MaterialSystem.cpp">
      <Filter>workingDirectory_DirectX\MaterialSystem</Filter>
    </ClCompile>
    <ClCompile Include="workingDirectory_DirectX\TestClass\TestModel.cpp">
      <Filter>workingDirectory_DirectX\TestClass</Filter>
    </ClCompile>
    <ClCompile Include="workingDirectory_DirectX\MaterialSystem\Texture\JGTexture.cpp">
      <Filter>workingDirectory_DirectX\MaterialSystem\Texture</Filter>
    </ClCompile>
    <ClCompile Include="workingDirectory_DirectX\MaterialSystem\Texture\TextureManager.cpp">
      <Filter>workingDirectory_DirectX\MaterialSystem\Texture</Filter>
    </ClCompile>
    <ClCompile Include="workingDirectory_DirectX\SceneRenderSystem\JGSRSystem.cpp">
      <Filter>workingDirectory_DirectX\SceneRenderSystem</Filter>
    </ClCompile>
  </ItemGroup>
  <ItemGroup>
    <ClInclude Include="Include\JGRenderCore.h">
      <Filter>main\Include</Filter>
    </ClInclude>
    <ClInclude Include="Include\Common\dllExportDefine.h">
      <Filter>main\Include\Common</Filter>
    </ClInclude>
    <ClInclude Include="Include\Common\JGInitConfig.h">
      <Filter>main\Include\Common</Filter>
    </ClInclude>
    <ClInclude Include="Include\Common\JGRCCommon.h">
      <Filter>main\Include\Common</Filter>
    </ClInclude>
    <ClInclude Include="workingDirectory_DirectX\DirectXCommon.h">
      <Filter>workingDirectory_DirectX</Filter>
    </ClInclude>
    <ClInclude Include="workingDirectory_DirectX\DirectX\DirectX.h">
      <Filter>workingDirectory_DirectX\DirectX</Filter>
    </ClInclude>
    <ClInclude Include="workingDirectory_DirectX\DirectX\JGDevice.h">
      <Filter>workingDirectory_DirectX\DirectX</Filter>
    </ClInclude>
    <ClInclude Include="workingDirectory_DirectX\DirectX\JGRenderState.h">
      <Filter>workingDirectory_DirectX\DirectX</Filter>
    </ClInclude>
    <ClInclude Include="workingDirectory_DirectX\DirectX\JGRenderTarget.h">
      <Filter>workingDirectory_DirectX\DirectX</Filter>
    </ClInclude>
    <ClInclude Include="workingDirectory_DirectX\DirectX\JGSwapChain.h">
      <Filter>workingDirectory_DirectX\DirectX</Filter>
    </ClInclude>
    <ClInclude Include="workingDirectory_DirectX\DirectX\JGViewport.h">
      <Filter>workingDirectory_DirectX\DirectX</Filter>
    </ClInclude>
    <ClInclude Include="Include\Common\RenderConfigEnum.h">
      <Filter>main\Include\Common</Filter>
    </ClInclude>
    <ClInclude Include="workingDirectory_DirectX\BufferSystem\JGBuffer.h">
      <Filter>workingDirectory_DirectX\BufferSystem</Filter>
    </ClInclude>
    <ClInclude Include="workingDirectory_DirectX\BufferSystem\JGBufferEnum.h">
      <Filter>workingDirectory_DirectX\BufferSystem</Filter>
    </ClInclude>
    <ClInclude Include="workingDirectory_DirectX\BufferSystem\JGBufferManager.h">
      <Filter>workingDirectory_DirectX\BufferSystem</Filter>
    </ClInclude>
    <ClInclude Include="workingDirectory_DirectX\MaterialSystem\Shader\ShaderAnalyze\ShaderAnalyzer.h">
      <Filter>workingDirectory_DirectX\MaterialSystem\Shader\ShaderAnalyze</Filter>
    </ClInclude>
    <ClInclude Include="workingDirectory_DirectX\MaterialSystem\Shader\ShaderTool\ShaderCompiler.h">
      <Filter>workingDirectory_DirectX\MaterialSystem\Shader\ShaderTool</Filter>
    </ClInclude>
    <ClInclude Include="workingDirectory_DirectX\MaterialSystem\Shader\ShaderTool\ShaderObject.h">
      <Filter>workingDirectory_DirectX\MaterialSystem\Shader\ShaderTool</Filter>
    </ClInclude>
    <ClInclude Include="workingDirectory_DirectX\MaterialSystem\Shader\ShaderTool\ShaderObjectManager.h">
      <Filter>workingDirectory_DirectX\MaterialSystem\Shader\ShaderTool</Filter>
    </ClInclude>
    <ClInclude Include="workingDirectory_DirectX\MaterialSystem\Shader\ShaderAnalyze\LayoutInformation.h">
      <Filter>workingDirectory_DirectX\MaterialSystem\Shader\ShaderAnalyze</Filter>
    </ClInclude>
    <ClInclude Include="workingDirectory_DirectX\MaterialSystem\Shader\ShaderAnalyze\CBufferInformation.h">
      <Filter>workingDirectory_DirectX\MaterialSystem\Shader\ShaderAnalyze</Filter>
    </ClInclude>
    <ClInclude Include="workingDirectory_DirectX\MaterialSystem\Shader\ShaderAnalyze\ShaderInformation.h">
      <Filter>workingDirectory_DirectX\MaterialSystem\Shader\ShaderAnalyze</Filter>
    </ClInclude>
    <ClInclude Include="workingDirectory_DirectX\MaterialSystem\Shader\ShaderAnalyze\SamplerInformation.h">
      <Filter>workingDirectory_DirectX\MaterialSystem\Shader\ShaderAnalyze</Filter>
    </ClInclude>
    <ClInclude Include="workingDirectory_DirectX\MaterialSystem\Shader\ShaderAnalyze\TextureInformation.h">
      <Filter>workingDirectory_DirectX\MaterialSystem\Shader\ShaderAnalyze</Filter>
    </ClInclude>
    <ClInclude Include="workingDirectory_DirectX\MaterialSystem\MaterialReader.h">
      <Filter>workingDirectory_DirectX\MaterialSystem</Filter>
    </ClInclude>
    <ClInclude Include="workingDirectory_DirectX\MaterialSystem\Data\ShaderData.h">
      <Filter>workingDirectory_DirectX\MaterialSystem\Data</Filter>
    </ClInclude>
    <ClInclude Include="workingDirectory_DirectX\MaterialSystem\Material.h">
      <Filter>workingDirectory_DirectX\MaterialSystem</Filter>
    </ClInclude>
    <ClInclude Include="workingDirectory_DirectX\MaterialSystem\MaterialSystem.h">
      <Filter>workingDirectory_DirectX\MaterialSystem</Filter>
    </ClInclude>
    <ClInclude Include="workingDirectory_DirectX\TestClass\TestModel.h">
      <Filter>workingDirectory_DirectX\TestClass</Filter>
    </ClInclude>
    <ClInclude Include="workingDirectory_DirectX\MaterialSystem\Texture\JGTexture.h">
      <Filter>workingDirectory_DirectX\MaterialSystem\Texture</Filter>
    </ClInclude>
    <ClInclude Include="workingDirectory_DirectX\MaterialSystem\Texture\TextureManager.h">
      <Filter>workingDirectory_DirectX\MaterialSystem\Texture</Filter>
    </ClInclude>
    <ClInclude Include="workingDirectory_DirectX\SceneRenderSystem\JGSRSystem.h">
      <Filter>workingDirectory_DirectX\SceneRenderSystem</Filter>
    </ClInclude>
  </ItemGroup>
</Project>