<?xml version="1.0" encoding="utf-8"?>
<Project ToolsVersion="4.0" xmlns="http://schemas.microsoft.com/developer/msbuild/2003">
  <ItemGroup>
    <Filter Include="main">
      <UniqueIdentifier>{4FC737F1-C7A5-4376-A066-2A32D752A2FF}</UniqueIdentifier>
      <Extensions>cpp;c;cc;cxx;def;odl;idl;hpj;bat;asm;asmx</Extensions>
    </Filter>
    <Filter Include="main\Include">
      <UniqueIdentifier>{8beaf72b-5404-4bfa-9bd1-ff069b908da2}</UniqueIdentifier>
    </Filter>
    <Filter Include="main\Source">
      <UniqueIdentifier>{52ab56d7-1674-43b5-b0a7-c44dc4c2f379}</UniqueIdentifier>
    </Filter>
    <Filter Include="main\Include\Common">
      <UniqueIdentifier>{92733651-989f-43dd-9829-40c93b50247b}</UniqueIdentifier>
    </Filter>
    <Filter Include="workingDirectory_DirectX">
      <UniqueIdentifier>{27d7f13c-4014-4da6-b4e5-fc76ce010883}</UniqueIdentifier>
    </Filter>
    <Filter Include="workingDirectory_DirectX\DirectX">
      <UniqueIdentifier>{5664261e-53d0-4cb2-baac-2eae2711a6c9}</UniqueIdentifier>
    </Filter>
    <Filter Include="workingDirectory_DirectX\MaterialSystem">
      <UniqueIdentifier>{40b7efc3-5113-405e-bf4d-2422b5c930f0}</UniqueIdentifier>
    </Filter>
    <Filter Include="workingDirectory_DirectX\MaterialSystem\Shader">
      <UniqueIdentifier>{5cf7ffa5-d376-4e04-9ce8-ab3f5d944333}</UniqueIdentifier>
    </Filter>
    <Filter Include="workingDirectory_DirectX\BufferSystem">
      <UniqueIdentifier>{393ee4bc-2ab7-43bc-b98f-73284112ed44}</UniqueIdentifier>
    </Filter>
    <Filter Include="workingDirectory_DirectX\MaterialSystem\Texture">
      <UniqueIdentifier>{f7732662-0e5a-4f13-a112-33b52d76eb91}</UniqueIdentifier>
    </Filter>
    <Filter Include="workingDirectory_DirectX\SceneRenderSystem">
      <UniqueIdentifier>{b1501405-9040-49f1-9051-30c23cc3de34}</UniqueIdentifier>
    </Filter>
    <Filter Include="workingDirectory_DirectX\MaterialSystem\Mesh">
      <UniqueIdentifier>{803fba5d-00c8-437b-a5e8-b2fe76fa0c63}</UniqueIdentifier>
    </Filter>
    <Filter Include="workingDirectory_DirectX\Light">
      <UniqueIdentifier>{907b6d39-b93d-49db-bf30-e29f2bbf3167}</UniqueIdentifier>
    </Filter>
  </ItemGroup>
  <ItemGroup>
    <ClCompile Include="dllmain.cpp">
      <Filter>main</Filter>
    </ClCompile>
    <ClCompile Include="Source\JGRenderCore.cpp">
      <Filter>main\Source</Filter>
    </ClCompile>
    <ClCompile Include="workingDirectory_DirectX\DirectX\DirectX.cpp">
      <Filter>workingDirectory_DirectX\DirectX</Filter>
    </ClCompile>
    <ClCompile Include="workingDirectory_DirectX\DirectX\JGDevice.cpp">
      <Filter>workingDirectory_DirectX\DirectX</Filter>
    </ClCompile>
    <ClCompile Include="workingDirectory_DirectX\DirectX\JGRenderState.cpp">
      <Filter>workingDirectory_DirectX\DirectX</Filter>
    </ClCompile>
    <ClCompile Include="workingDirectory_DirectX\DirectX\JGRenderTarget.cpp">
      <Filter>workingDirectory_DirectX\DirectX</Filter>
    </ClCompile>
    <ClCompile Include="workingDirectory_DirectX\DirectX\JGSwapChain.cpp">
      <Filter>workingDirectory_DirectX\DirectX</Filter>
    </ClCompile>
    <ClCompile Include="workingDirectory_DirectX\DirectX\JGViewport.cpp">
      <Filter>workingDirectory_DirectX\DirectX</Filter>
    </ClCompile>
    <ClCompile Include="workingDirectory_DirectX\BufferSystem\JGBuffer.cpp">
      <Filter>workingDirectory_DirectX\BufferSystem</Filter>
    </ClCompile>
    <ClCompile Include="workingDirectory_DirectX\MaterialSystem\Texture\JGTexture.cpp">
      <Filter>workingDirectory_DirectX\MaterialSystem\Texture</Filter>
    </ClCompile>
    <ClCompile Include="workingDirectory_DirectX\MaterialSystem\Mesh\Mesh.cpp">
      <Filter>workingDirectory_DirectX\MaterialSystem\Mesh</Filter>
    </ClCompile>
    <ClCompile Include="workingDirectory_DirectX\Light\Light.cpp">
      <Filter>workingDirectory_DirectX\Light</Filter>
    </ClCompile>
    <ClCompile Include="workingDirectory_DirectX\DirectX\DxWindow.cpp">
      <Filter>workingDirectory_DirectX\DirectX</Filter>
    </ClCompile>
    <ClCompile Include="workingDirectory_DirectX\DirectX\JGRCObject.cpp">
      <Filter>workingDirectory_DirectX\DirectX</Filter>
    </ClCompile>
    <ClCompile Include="workingDirectory_DirectX\MaterialSystem\Shader\HlslEditor.cpp">
      <Filter>workingDirectory_DirectX\MaterialSystem\Shader</Filter>
    </ClCompile>
    <ClCompile Include="workingDirectory_DirectX\MaterialSystem\Shader\ShaderWriter.cpp">
      <Filter>workingDirectory_DirectX\MaterialSystem\Shader</Filter>
    </ClCompile>
    <ClCompile Include="workingDirectory_DirectX\MaterialSystem\Shader\JGShader.cpp">
      <Filter>workingDirectory_DirectX\MaterialSystem\Shader</Filter>
    </ClCompile>
    <ClCompile Include="workingDirectory_DirectX\MaterialSystem\Shader\ShaderReader.cpp">
      <Filter>workingDirectory_DirectX\MaterialSystem\Shader</Filter>
    </ClCompile>
    <ClCompile Include="workingDirectory_DirectX\MaterialSystem\Shader\JGShaderArray.cpp">
      <Filter>workingDirectory_DirectX\MaterialSystem\Shader</Filter>
    </ClCompile>
    <ClCompile Include="workingDirectory_DirectX\MaterialSystem\Material.cpp">
      <Filter>workingDirectory_DirectX\MaterialSystem</Filter>
    </ClCompile>
    <ClCompile Include="workingDirectory_DirectX\SceneRenderSystem\SRSRenderTarget.cpp">
      <Filter>workingDirectory_DirectX\SceneRenderSystem</Filter>
    </ClCompile>
    <ClCompile Include="workingDirectory_DirectX\SceneRenderSystem\SRSScene.cpp">
      <Filter>workingDirectory_DirectX\SceneRenderSystem</Filter>
    </ClCompile>
    <ClCompile Include="workingDirectory_DirectX\SceneRenderSystem\SRSLightPass.cpp">
      <Filter>workingDirectory_DirectX\SceneRenderSystem</Filter>
    </ClCompile>
  </ItemGroup>
  <ItemGroup>
    <ClInclude Include="Include\JGRenderCore.h">
      <Filter>main\Include</Filter>
    </ClInclude>
    <ClInclude Include="Include\Common\dllExportDefine.h">
      <Filter>main\Include\Common</Filter>
    </ClInclude>
    <ClInclude Include="Include\Common\JGRCCommon.h">
      <Filter>main\Include\Common</Filter>
    </ClInclude>
    <ClInclude Include="workingDirectory_DirectX\DirectXCommon.h">
      <Filter>workingDirectory_DirectX</Filter>
    </ClInclude>
    <ClInclude Include="workingDirectory_DirectX\DirectX\DirectX.h">
      <Filter>workingDirectory_DirectX\DirectX</Filter>
    </ClInclude>
    <ClInclude Include="workingDirectory_DirectX\DirectX\JGDevice.h">
      <Filter>workingDirectory_DirectX\DirectX</Filter>
    </ClInclude>
    <ClInclude Include="workingDirectory_DirectX\DirectX\JGRenderState.h">
      <Filter>workingDirectory_DirectX\DirectX</Filter>
    </ClInclude>
    <ClInclude Include="workingDirectory_DirectX\DirectX\JGRenderTarget.h">
      <Filter>workingDirectory_DirectX\DirectX</Filter>
    </ClInclude>
    <ClInclude Include="workingDirectory_DirectX\DirectX\JGSwapChain.h">
      <Filter>workingDirectory_DirectX\DirectX</Filter>
    </ClInclude>
    <ClInclude Include="workingDirectory_DirectX\DirectX\JGViewport.h">
      <Filter>workingDirectory_DirectX\DirectX</Filter>
    </ClInclude>
    <ClInclude Include="workingDirectory_DirectX\BufferSystem\JGBuffer.h">
      <Filter>workingDirectory_DirectX\BufferSystem</Filter>
    </ClInclude>
    <ClInclude Include="workingDirectory_DirectX\BufferSystem\JGBufferEnum.h">
      <Filter>workingDirectory_DirectX\BufferSystem</Filter>
    </ClInclude>
    <ClInclude Include="workingDirectory_DirectX\MaterialSystem\Texture\JGTexture.h">
      <Filter>workingDirectory_DirectX\MaterialSystem\Texture</Filter>
    </ClInclude>
    <ClInclude Include="workingDirectory_DirectX\MaterialSystem\Mesh\Mesh.h">
      <Filter>workingDirectory_DirectX\MaterialSystem\Mesh</Filter>
    </ClInclude>
    <ClInclude Include="Include\Common\JGRCGlobalType.h">
      <Filter>main\Include\Common</Filter>
    </ClInclude>
    <ClInclude Include="workingDirectory_DirectX\Light\Light.h">
      <Filter>workingDirectory_DirectX\Light</Filter>
    </ClInclude>
    <ClInclude Include="workingDirectory_DirectX\DirectX\DxWindow.h">
      <Filter>workingDirectory_DirectX\DirectX</Filter>
    </ClInclude>
    <ClInclude Include="workingDirectory_DirectX\DirectX\JGRCObject.h">
      <Filter>workingDirectory_DirectX\DirectX</Filter>
    </ClInclude>
    <ClInclude Include="workingDirectory_DirectX\MaterialSystem\Shader\HlslEditor.h">
      <Filter>workingDirectory_DirectX\MaterialSystem\Shader</Filter>
    </ClInclude>
    <ClInclude Include="workingDirectory_DirectX\MaterialSystem\Shader\ShaderWriter.h">
      <Filter>workingDirectory_DirectX\MaterialSystem\Shader</Filter>
    </ClInclude>
    <ClInclude Include="workingDirectory_DirectX\MaterialSystem\Shader\JGShader.h">
      <Filter>workingDirectory_DirectX\MaterialSystem\Shader</Filter>
    </ClInclude>
    <ClInclude Include="workingDirectory_DirectX\MaterialSystem\Shader\ShaderReader.h">
      <Filter>workingDirectory_DirectX\MaterialSystem\Shader</Filter>
    </ClInclude>
    <ClInclude Include="workingDirectory_DirectX\MaterialSystem\Shader\JGShaderArray.h">
      <Filter>workingDirectory_DirectX\MaterialSystem\Shader</Filter>
    </ClInclude>
    <ClInclude Include="workingDirectory_DirectX\MaterialSystem\Material.h">
      <Filter>workingDirectory_DirectX\MaterialSystem</Filter>
    </ClInclude>
    <ClInclude Include="workingDirectory_DirectX\SceneRenderSystem\SRSRenderTarget.h">
      <Filter>workingDirectory_DirectX\SceneRenderSystem</Filter>
    </ClInclude>
    <ClInclude Include="workingDirectory_DirectX\SceneRenderSystem\SRSScene.h">
      <Filter>workingDirectory_DirectX\SceneRenderSystem</Filter>
    </ClInclude>
    <ClInclude Include="workingDirectory_DirectX\SceneRenderSystem\SRSLightPass.h">
      <Filter>workingDirectory_DirectX\SceneRenderSystem</Filter>
    </ClInclude>
  </ItemGroup>
</Project>