<?xml version="1.0" encoding="utf-8"?>
<Project ToolsVersion="4.0" xmlns="http://schemas.microsoft.com/developer/msbuild/2003">
  <ItemGroup>
    <Filter Include="main">
      <UniqueIdentifier>{4FC737F1-C7A5-4376-A066-2A32D752A2FF}</UniqueIdentifier>
      <Extensions>cpp;c;cc;cxx;def;odl;idl;hpj;bat;asm;asmx</Extensions>
    </Filter>
    <Filter Include="DxCommon">
      <UniqueIdentifier>{d42c7cdf-9c07-450e-aa08-e8430f03ba69}</UniqueIdentifier>
    </Filter>
    <Filter Include="DxCore">
      <UniqueIdentifier>{b372c73f-3b9e-4749-9705-c82654ff9773}</UniqueIdentifier>
    </Filter>
    <Filter Include="Shader">
      <UniqueIdentifier>{534a98e4-57a1-4437-9976-424278f0aac9}</UniqueIdentifier>
    </Filter>
    <Filter Include="PostProcessing">
      <UniqueIdentifier>{8a58b580-8753-4f58-bf2a-146e31438d4c}</UniqueIdentifier>
    </Filter>
    <Filter Include="Data">
      <UniqueIdentifier>{8a30195a-724a-4eb9-8b20-9711a90df3ba}</UniqueIdentifier>
    </Filter>
    <Filter Include="UserInterface">
      <UniqueIdentifier>{b253159a-441d-4537-9025-a5769c01bb2a}</UniqueIdentifier>
    </Filter>
    <Filter Include="PBRT">
      <UniqueIdentifier>{a0998555-c86c-4f71-974b-511bf20a64fc}</UniqueIdentifier>
    </Filter>
    <Filter Include="PBRT\PBRTClassBase">
      <UniqueIdentifier>{9494178c-9755-4915-a9b4-1d795da3ca15}</UniqueIdentifier>
    </Filter>
    <Filter Include="Data\Animation">
      <UniqueIdentifier>{96c5e747-fd3a-42c9-9393-9f63e7587c9a}</UniqueIdentifier>
    </Filter>
    <Filter Include="Data\Mesh">
      <UniqueIdentifier>{11e7bde0-1645-43ac-8f88-7b9b6c73995f}</UniqueIdentifier>
    </Filter>
    <Filter Include="ResourceManagement">
      <UniqueIdentifier>{b0258a85-343d-48a3-861a-b67e8870e8bd}</UniqueIdentifier>
    </Filter>
    <Filter Include="Data\Debug">
      <UniqueIdentifier>{687709f8-b916-4da9-915c-b2e705b22ab0}</UniqueIdentifier>
    </Filter>
    <Filter Include="Data\Object">
      <UniqueIdentifier>{51ac728c-8401-49a4-9f05-cbfdd357e36f}</UniqueIdentifier>
    </Filter>
  </ItemGroup>
  <ItemGroup>
    <ClCompile Include="source\dllmain.cpp">
      <Filter>main</Filter>
    </ClCompile>
    <ClCompile Include="source\DxCommon\Camera.cpp">
      <Filter>DxCommon</Filter>
    </ClCompile>
    <ClCompile Include="source\DxCommon\d3dUtil.cpp">
      <Filter>DxCommon</Filter>
    </ClCompile>
    <ClCompile Include="source\DxCommon\DDSTextureLoader.cpp">
      <Filter>DxCommon</Filter>
    </ClCompile>
    <ClCompile Include="source\DxCommon\GameTimer.cpp">
      <Filter>DxCommon</Filter>
    </ClCompile>
    <ClCompile Include="source\DxCommon\GeometryGenerator.cpp">
      <Filter>DxCommon</Filter>
    </ClCompile>
    <ClCompile Include="source\DxCommon\MathHelper.cpp">
      <Filter>DxCommon</Filter>
    </ClCompile>
    <ClCompile Include="d3dApp.cpp">
      <Filter>main</Filter>
    </ClCompile>
    <ClCompile Include="source\DxCore\JGRenderCore.cpp">
      <Filter>DxCore</Filter>
    </ClCompile>
    <ClCompile Include="source\PostProcessing\CubeMap.cpp">
      <Filter>PostProcessing</Filter>
    </ClCompile>
    <ClCompile Include="source\Data\JGMaterial.cpp">
      <Filter>Data</Filter>
    </ClCompile>
    <ClCompile Include="source\Data\EngineFrameResource.cpp">
      <Filter>Data</Filter>
    </ClCompile>
    <ClCompile Include="source\Data\Scene.cpp">
      <Filter>Data</Filter>
    </ClCompile>
    <ClCompile Include="source\Shader\Shader.cpp">
      <Filter>Shader</Filter>
    </ClCompile>
    <ClCompile Include="source\PostProcessing\ShadowMap.cpp">
      <Filter>PostProcessing</Filter>
    </ClCompile>
    <ClCompile Include="source\Data\JGLight.cpp">
      <Filter>Data</Filter>
    </ClCompile>
    <ClCompile Include="source\Data\LightManager.cpp">
      <Filter>Data</Filter>
    </ClCompile>
    <ClCompile Include="source\PostProcessing\SSAO.cpp">
      <Filter>PostProcessing</Filter>
    </ClCompile>
    <ClCompile Include="source\Data\CommonData.cpp">
      <Filter>Data</Filter>
    </ClCompile>
    <ClCompile Include="source\Data\SceneData.cpp">
      <Filter>Data</Filter>
    </ClCompile>
    <ClCompile Include="source\PostProcessing\BlurFilter.cpp">
      <Filter>PostProcessing</Filter>
    </ClCompile>
    <ClCompile Include="source\UserInterface\Interface_SceneObject.cpp">
      <Filter>UserInterface</Filter>
    </ClCompile>
    <ClCompile Include="source\UserInterface\Interface_Scene.cpp">
      <Filter>UserInterface</Filter>
    </ClCompile>
    <ClCompile Include="source\UserInterface\Interface_SceneDirectionLight.cpp">
      <Filter>UserInterface</Filter>
    </ClCompile>
    <ClCompile Include="source\UserInterface\Interface_SceneMaterial.cpp">
      <Filter>UserInterface</Filter>
    </ClCompile>
    <ClCompile Include="source\UserInterface\Interface_ScenePointLight.cpp">
      <Filter>UserInterface</Filter>
    </ClCompile>
    <ClCompile Include="source\UserInterface\Interface_SceneSkyBox.cpp">
      <Filter>UserInterface</Filter>
    </ClCompile>
    <ClCompile Include="source\UserInterface\Interface_SceneSpotLight.cpp">
      <Filter>UserInterface</Filter>
    </ClCompile>
    <ClCompile Include="source\UserInterface\Interface_SceneCamera.cpp">
      <Filter>UserInterface</Filter>
    </ClCompile>
    <ClCompile Include="source\DxCommon\ModelLoader.cpp">
      <Filter>DxCommon</Filter>
    </ClCompile>
    <ClCompile Include="source\Data\Animation\JGAnimation.cpp">
      <Filter>Data\Animation</Filter>
    </ClCompile>
    <ClCompile Include="source\Data\Mesh\JGStaticMesh.cpp">
      <Filter>Data\Mesh</Filter>
    </ClCompile>
    <ClCompile Include="source\Data\Mesh\JGSkeletalMesh.cpp">
      <Filter>Data\Mesh</Filter>
    </ClCompile>
    <ClCompile Include="source\ResourceManagement\ResourceExtracter.cpp">
      <Filter>ResourceManagement</Filter>
    </ClCompile>
    <ClCompile Include="source\ResourceManagement\ResourceManager.cpp">
      <Filter>ResourceManagement</Filter>
    </ClCompile>
    <ClCompile Include="source\ResourceManagement\ResourceReader.cpp">
      <Filter>ResourceManagement</Filter>
    </ClCompile>
    <ClCompile Include="source\UserInterface\Interface_SceneMesh.cpp">
      <Filter>UserInterface</Filter>
    </ClCompile>
    <ClCompile Include="source\Data\Debug\DebugBox.cpp">
      <Filter>Data\Debug</Filter>
    </ClCompile>
    <ClCompile Include="source\Data\Debug\DebugScreen.cpp">
      <Filter>Data\Debug</Filter>
    </ClCompile>
    <ClCompile Include="source\DxCore\ScreenManager.cpp">
      <Filter>DxCore</Filter>
    </ClCompile>
    <ClCompile Include="source\DxCore\CommandListManager.cpp">
      <Filter>DxCore</Filter>
    </ClCompile>
    <ClCompile Include="source\DxCore\DxDevice.cpp">
      <Filter>DxCore</Filter>
    </ClCompile>
    <ClCompile Include="source\DxCore\RootSignatureManager.cpp">
      <Filter>DxCore</Filter>
    </ClCompile>
    <ClCompile Include="source\Data\Object\Object.cpp">
      <Filter>Data\Object</Filter>
    </ClCompile>
    <ClCompile Include="source\Data\Object\SceneObject.cpp">
      <Filter>Data\Object</Filter>
    </ClCompile>
    <ClCompile Include="source\Data\Object\InstanceObject.cpp">
      <Filter>Data\Object</Filter>
    </ClCompile>
    <ClCompile Include="source\ResourceManagement\AssetManager.cpp">
      <Filter>ResourceManagement</Filter>
    </ClCompile>
    <ClCompile Include="source\ResourceManagement\DataManager.cpp">
      <Filter>ResourceManagement</Filter>
    </ClCompile>
    <ClCompile Include="source\ResourceManagement\DxHeapManager.cpp">
      <Filter>ResourceManagement</Filter>
    </ClCompile>
    <ClCompile Include="source\ResourceManagement\HeapArray.cpp">
      <Filter>ResourceManagement</Filter>
    </ClCompile>
  </ItemGroup>
  <ItemGroup>
    <ClInclude Include="source\DxCommon\Camera.h">
      <Filter>DxCommon</Filter>
    </ClInclude>
    <ClInclude Include="source\DxCommon\d3dUtil.h">
      <Filter>DxCommon</Filter>
    </ClInclude>
    <ClInclude Include="source\DxCommon\d3dx12.h">
      <Filter>DxCommon</Filter>
    </ClInclude>
    <ClInclude Include="source\DxCommon\DDSTextureLoader.h">
      <Filter>DxCommon</Filter>
    </ClInclude>
    <ClInclude Include="source\DxCommon\GameTimer.h">
      <Filter>DxCommon</Filter>
    </ClInclude>
    <ClInclude Include="source\DxCommon\GeometryGenerator.h">
      <Filter>DxCommon</Filter>
    </ClInclude>
    <ClInclude Include="source\DxCommon\MathHelper.h">
      <Filter>DxCommon</Filter>
    </ClInclude>
    <ClInclude Include="source\DxCommon\UploadBuffer.h">
      <Filter>DxCommon</Filter>
    </ClInclude>
    <ClInclude Include="source\DxCommon\DxCommon.h">
      <Filter>DxCommon</Filter>
    </ClInclude>
    <ClInclude Include="d3dApp.h">
      <Filter>main</Filter>
    </ClInclude>
    <ClInclude Include="source\DxCore\JGRenderCore.h">
      <Filter>DxCore</Filter>
    </ClInclude>
    <ClInclude Include="source\DxCore\RenderItem.h">
      <Filter>DxCore</Filter>
    </ClInclude>
    <ClInclude Include="source\DxCore\EnginePipeLineStateDescList.h">
      <Filter>DxCore</Filter>
    </ClInclude>
    <ClInclude Include="source\PostProcessing\CubeMap.h">
      <Filter>PostProcessing</Filter>
    </ClInclude>
    <ClInclude Include="source\Data\JGMaterial.h">
      <Filter>Data</Filter>
    </ClInclude>
    <ClInclude Include="source\Data\EngineFrameResource.h">
      <Filter>Data</Filter>
    </ClInclude>
    <ClInclude Include="source\Data\Scene.h">
      <Filter>Data</Filter>
    </ClInclude>
    <ClInclude Include="source\Shader\ShaderRootSignature.h">
      <Filter>Shader</Filter>
    </ClInclude>
    <ClInclude Include="source\Shader\CommonShaderRootSignature.h">
      <Filter>Shader</Filter>
    </ClInclude>
    <ClInclude Include="source\Shader\Shader.h">
      <Filter>Shader</Filter>
    </ClInclude>
    <ClInclude Include="source\PostProcessing\ShadowMap.h">
      <Filter>PostProcessing</Filter>
    </ClInclude>
    <ClInclude Include="source\Data\JGLight.h">
      <Filter>Data</Filter>
    </ClInclude>
    <ClInclude Include="source\Data\LightManager.h">
      <Filter>Data</Filter>
    </ClInclude>
    <ClInclude Include="source\PostProcessing\SSAO.h">
      <Filter>PostProcessing</Filter>
    </ClInclude>
    <ClInclude Include="source\Shader\SSAOShaderRootSignature.h">
      <Filter>Shader</Filter>
    </ClInclude>
    <ClInclude Include="source\Data\CommonData.h">
      <Filter>Data</Filter>
    </ClInclude>
    <ClInclude Include="source\Data\SceneData.h">
      <Filter>Data</Filter>
    </ClInclude>
    <ClInclude Include="source\Shader\ShaderPath.h">
      <Filter>Shader</Filter>
    </ClInclude>
    <ClInclude Include="source\PostProcessing\BlurFilter.h">
      <Filter>PostProcessing</Filter>
    </ClInclude>
    <ClInclude Include="source\Shader\BlurShaderRootSignature.h">
      <Filter>Shader</Filter>
    </ClInclude>
    <ClInclude Include="source\UserInterface\Interface_SceneObject.h">
      <Filter>UserInterface</Filter>
    </ClInclude>
    <ClInclude Include="source\UserInterface\Interface_SceneMaterial.h">
      <Filter>UserInterface</Filter>
    </ClInclude>
    <ClInclude Include="source\UserInterface\Interface_Scene.h">
      <Filter>UserInterface</Filter>
    </ClInclude>
    <ClInclude Include="source\UserInterface\Interface_SceneDirectionLight.h">
      <Filter>UserInterface</Filter>
    </ClInclude>
    <ClInclude Include="source\UserInterface\Interface_ScenePointLight.h">
      <Filter>UserInterface</Filter>
    </ClInclude>
    <ClInclude Include="source\UserInterface\Interface_SceneSpotLight.h">
      <Filter>UserInterface</Filter>
    </ClInclude>
    <ClInclude Include="source\UserInterface\Interface_SceneSkyBox.h">
      <Filter>UserInterface</Filter>
    </ClInclude>
    <ClInclude Include="source\UserInterface\Interface_SceneCamera.h">
      <Filter>UserInterface</Filter>
    </ClInclude>
    <ClInclude Include="source\DxCommon\ModelLoader.h">
      <Filter>DxCommon</Filter>
    </ClInclude>
    <ClInclude Include="source\Data\Animation\JGAnimation.h">
      <Filter>Data\Animation</Filter>
    </ClInclude>
    <ClInclude Include="source\Data\Mesh\JGStaticMesh.h">
      <Filter>Data\Mesh</Filter>
    </ClInclude>
    <ClInclude Include="source\Data\Mesh\JGSkeletalMesh.h">
      <Filter>Data\Mesh</Filter>
    </ClInclude>
    <ClInclude Include="source\Data\Mesh\JGBaseMesh.h">
      <Filter>Data\Mesh</Filter>
    </ClInclude>
    <ClInclude Include="source\ResourceManagement\ResourceExtracter.h">
      <Filter>ResourceManagement</Filter>
    </ClInclude>
    <ClInclude Include="source\ResourceManagement\ResourceManager.h">
      <Filter>ResourceManagement</Filter>
    </ClInclude>
    <ClInclude Include="source\ResourceManagement\ResourceReader.h">
      <Filter>ResourceManagement</Filter>
    </ClInclude>
    <ClInclude Include="source\UserInterface\Interface_SceneMesh.h">
      <Filter>UserInterface</Filter>
    </ClInclude>
    <ClInclude Include="source\Data\Octree.h">
      <Filter>Data</Filter>
    </ClInclude>
    <ClInclude Include="source\Data\Debug\DebugBox.h">
      <Filter>Data\Debug</Filter>
    </ClInclude>
    <ClInclude Include="source\Data\Debug\DebugScreen.h">
      <Filter>Data\Debug</Filter>
    </ClInclude>
    <ClInclude Include="source\DxCore\CommandListManager.h">
      <Filter>DxCore</Filter>
    </ClInclude>
    <ClInclude Include="source\DxCore\ScreenManager.h">
      <Filter>DxCore</Filter>
    </ClInclude>
    <ClInclude Include="source\DxCore\GpuCpuSynchronizer.h">
      <Filter>DxCore</Filter>
    </ClInclude>
    <ClInclude Include="source\DxCore\SceneConfig.h">
      <Filter>DxCore</Filter>
    </ClInclude>
    <ClInclude Include="source\DxCore\DxDevice.h">
      <Filter>DxCore</Filter>
    </ClInclude>
    <ClInclude Include="source\DxCore\RootSignatureManager.h">
      <Filter>DxCore</Filter>
    </ClInclude>
    <ClInclude Include="source\Data\Object\Object.h">
      <Filter>Data\Object</Filter>
    </ClInclude>
    <ClInclude Include="source\Data\Object\ObjectState.h">
      <Filter>Data\Object</Filter>
    </ClInclude>
    <ClInclude Include="source\Data\Object\SceneObject.h">
      <Filter>Data\Object</Filter>
    </ClInclude>
    <ClInclude Include="source\Data\Object\InstanceObject.h">
      <Filter>Data\Object</Filter>
    </ClInclude>
    <ClInclude Include="source\ResourceManagement\AssetManager.h">
      <Filter>ResourceManagement</Filter>
    </ClInclude>
    <ClInclude Include="source\ResourceManagement\DataManager.h">
      <Filter>ResourceManagement</Filter>
    </ClInclude>
    <ClInclude Include="source\ResourceManagement\DxHeapManager.h">
      <Filter>ResourceManagement</Filter>
    </ClInclude>
    <ClInclude Include="source\DxCommon\DataType_Define.h">
      <Filter>DxCommon</Filter>
    </ClInclude>
    <ClInclude Include="source\ResourceManagement\HeapArray.h">
      <Filter>ResourceManagement</Filter>
    </ClInclude>
  </ItemGroup>
</Project>