
Microsoft Visual Studio Solution File, Format Version 12.00
# Visual Studio Version 16
VisualStudioVersion = 16.0.29102.190
MinimumVisualStudioVersion = 10.0.40219.1
Project("{8BC9CEB8-8B4A-11D0-8D11-00A0C91BC942}") = "Common", "Common\Common.vcxproj", "{7CFFB3F2-EAF8-480B-9336-82466DD2E123}"
EndProject
Project("{2150E333-8FDC-42A3-9474-1A3956D46DE8}") = "Core", "Core", "{15839B88-99E0-4F9B-AB83-73A3F3C7288D}"
EndProject
Project("{8BC9CEB8-8B4A-11D0-8D11-00A0C91BC942}") = "GameFrameWork", "GameFrameWork\GameFrameWork.vcxproj", "{BD839823-5748-42D6-95F0-20E93FD2E416}"
EndProject
Project("{8BC9CEB8-8B4A-11D0-8D11-00A0C91BC942}") = "InputEngine", "EngineCore\InputEngine\InputEngine.vcxproj", "{8B433F71-E8B1-47CA-BB9D-9A421119368C}"
EndProject
Project("{8BC9CEB8-8B4A-11D0-8D11-00A0C91BC942}") = "PhysicsEngine", "EngineCore\PhysicsEngine\PhysicsEngine.vcxproj", "{1F755309-CEC7-4D0B-A127-6155C1187889}"
EndProject
Project("{8BC9CEB8-8B4A-11D0-8D11-00A0C91BC942}") = "RenderEngine", "EngineCore\RenderEngine\RenderEngine.vcxproj", "{8DE08A0B-8615-4DB8-B7A9-5CF019F5E5DB}"
EndProject
Project("{8BC9CEB8-8B4A-11D0-8D11-00A0C91BC942}") = "SoundEngine", "EngineCore\SoundEngine\SoundEngine.vcxproj", "{260280E7-4BB9-4404-B750-5A88FC061FC6}"
EndProject
Project("{2150E333-8FDC-42A3-9474-1A3956D46DE8}") = "Engine", "Engine", "{893CB358-B78D-4787-AC8A-A40309CCB888}"
EndProject
Project("{8BC9CEB8-8B4A-11D0-8D11-00A0C91BC942}") = "JGEngine", "JGEngine\JGEngine.vcxproj", "{D61257E2-35A9-405F-9C34-B1EA79396C29}"
EndProject
Project("{2150E333-8FDC-42A3-9474-1A3956D46DE8}") = "Test", "Test", "{54AF9E4B-3A2A-4A64-9ED6-0BD045C36C8D}"
EndProject
Project("{8BC9CEB8-8B4A-11D0-8D11-00A0C91BC942}") = "SandBox", "..\Test\SandBox\SandBox.vcxproj", "{93F0A53D-14B5-4CF1-8ACB-F776A6561AAB}"
EndProject
Project("{2150E333-8FDC-42A3-9474-1A3956D46DE8}") = "Setting", "Setting", "{B40AF839-8CAB-473A-B714-57296BD47042}"
	ProjectSection(SolutionItems) = preProject
		premake5.lua = premake5.lua
	EndProjectSection
EndProject
Project("{8BC9CEB8-8B4A-11D0-8D11-00A0C91BC942}") = "MathTest", "..\Test\MathTest\MathTest.vcxproj", "{9A51BFE1-B2CF-4129-8692-C6784088786C}"
EndProject
Global
	GlobalSection(SolutionConfigurationPlatforms) = preSolution
		Debug|x64 = Debug|x64
		Debug|x86 = Debug|x86
		Release|x64 = Release|x64
		Release|x86 = Release|x86
	EndGlobalSection
	GlobalSection(ProjectConfigurationPlatforms) = postSolution
		{7CFFB3F2-EAF8-480B-9336-82466DD2E123}.Debug|x64.ActiveCfg = Debug|x64
		{7CFFB3F2-EAF8-480B-9336-82466DD2E123}.Debug|x64.Build.0 = Debug|x64
		{7CFFB3F2-EAF8-480B-9336-82466DD2E123}.Debug|x86.ActiveCfg = Debug|x64
		{7CFFB3F2-EAF8-480B-9336-82466DD2E123}.Release|x64.ActiveCfg = Release|x64
		{7CFFB3F2-EAF8-480B-9336-82466DD2E123}.Release|x64.Build.0 = Release|x64
		{7CFFB3F2-EAF8-480B-9336-82466DD2E123}.Release|x86.ActiveCfg = Release|x64
		{BD839823-5748-42D6-95F0-20E93FD2E416}.Debug|x64.ActiveCfg = Debug|x64
		{BD839823-5748-42D6-95F0-20E93FD2E416}.Debug|x64.Build.0 = Debug|x64
		{BD839823-5748-42D6-95F0-20E93FD2E416}.Debug|x86.ActiveCfg = Debug|Win32
		{BD839823-5748-42D6-95F0-20E93FD2E416}.Debug|x86.Build.0 = Debug|Win32
		{BD839823-5748-42D6-95F0-20E93FD2E416}.Release|x64.ActiveCfg = Release|x64
		{BD839823-5748-42D6-95F0-20E93FD2E416}.Release|x64.Build.0 = Release|x64
		{BD839823-5748-42D6-95F0-20E93FD2E416}.Release|x86.ActiveCfg = Release|Win32
		{BD839823-5748-42D6-95F0-20E93FD2E416}.Release|x86.Build.0 = Release|Win32
		{8B433F71-E8B1-47CA-BB9D-9A421119368C}.Debug|x64.ActiveCfg = Debug|x64
		{8B433F71-E8B1-47CA-BB9D-9A421119368C}.Debug|x64.Build.0 = Debug|x64
		{8B433F71-E8B1-47CA-BB9D-9A421119368C}.Debug|x86.ActiveCfg = Debug|Win32
		{8B433F71-E8B1-47CA-BB9D-9A421119368C}.Debug|x86.Build.0 = Debug|Win32
		{8B433F71-E8B1-47CA-BB9D-9A421119368C}.Release|x64.ActiveCfg = Release|x64
		{8B433F71-E8B1-47CA-BB9D-9A421119368C}.Release|x64.Build.0 = Release|x64
		{8B433F71-E8B1-47CA-BB9D-9A421119368C}.Release|x86.ActiveCfg = Release|Win32
		{8B433F71-E8B1-47CA-BB9D-9A421119368C}.Release|x86.Build.0 = Release|Win32
		{1F755309-CEC7-4D0B-A127-6155C1187889}.Debug|x64.ActiveCfg = Debug|x64
		{1F755309-CEC7-4D0B-A127-6155C1187889}.Debug|x64.Build.0 = Debug|x64
		{1F755309-CEC7-4D0B-A127-6155C1187889}.Debug|x86.ActiveCfg = Debug|Win32
		{1F755309-CEC7-4D0B-A127-6155C1187889}.Debug|x86.Build.0 = Debug|Win32
		{1F755309-CEC7-4D0B-A127-6155C1187889}.Release|x64.ActiveCfg = Release|x64
		{1F755309-CEC7-4D0B-A127-6155C1187889}.Release|x64.Build.0 = Release|x64
		{1F755309-CEC7-4D0B-A127-6155C1187889}.Release|x86.ActiveCfg = Release|Win32
		{1F755309-CEC7-4D0B-A127-6155C1187889}.Release|x86.Build.0 = Release|Win32
		{8DE08A0B-8615-4DB8-B7A9-5CF019F5E5DB}.Debug|x64.ActiveCfg = Debug|x64
		{8DE08A0B-8615-4DB8-B7A9-5CF019F5E5DB}.Debug|x64.Build.0 = Debug|x64
		{8DE08A0B-8615-4DB8-B7A9-5CF019F5E5DB}.Debug|x86.ActiveCfg = Debug|Win32
		{8DE08A0B-8615-4DB8-B7A9-5CF019F5E5DB}.Debug|x86.Build.0 = Debug|Win32
		{8DE08A0B-8615-4DB8-B7A9-5CF019F5E5DB}.Release|x64.ActiveCfg = Release|x64
		{8DE08A0B-8615-4DB8-B7A9-5CF019F5E5DB}.Release|x64.Build.0 = Release|x64
		{8DE08A0B-8615-4DB8-B7A9-5CF019F5E5DB}.Release|x86.ActiveCfg = Release|Win32
		{8DE08A0B-8615-4DB8-B7A9-5CF019F5E5DB}.Release|x86.Build.0 = Release|Win32
		{260280E7-4BB9-4404-B750-5A88FC061FC6}.Debug|x64.ActiveCfg = Debug|x64
		{260280E7-4BB9-4404-B750-5A88FC061FC6}.Debug|x64.Build.0 = Debug|x64
		{260280E7-4BB9-4404-B750-5A88FC061FC6}.Debug|x86.ActiveCfg = Debug|Win32
		{260280E7-4BB9-4404-B750-5A88FC061FC6}.Debug|x86.Build.0 = Debug|Win32
		{260280E7-4BB9-4404-B750-5A88FC061FC6}.Release|x64.ActiveCfg = Release|x64
		{260280E7-4BB9-4404-B750-5A88FC061FC6}.Release|x64.Build.0 = Release|x64
		{260280E7-4BB9-4404-B750-5A88FC061FC6}.Release|x86.ActiveCfg = Release|Win32
		{260280E7-4BB9-4404-B750-5A88FC061FC6}.Release|x86.Build.0 = Release|Win32
		{D61257E2-35A9-405F-9C34-B1EA79396C29}.Debug|x64.ActiveCfg = Debug|x64
		{D61257E2-35A9-405F-9C34-B1EA79396C29}.Debug|x64.Build.0 = Debug|x64
		{D61257E2-35A9-405F-9C34-B1EA79396C29}.Debug|x86.ActiveCfg = Debug|Win32
		{D61257E2-35A9-405F-9C34-B1EA79396C29}.Debug|x86.Build.0 = Debug|Win32
		{D61257E2-35A9-405F-9C34-B1EA79396C29}.Release|x64.ActiveCfg = Release|x64
		{D61257E2-35A9-405F-9C34-B1EA79396C29}.Release|x64.Build.0 = Release|x64
		{D61257E2-35A9-405F-9C34-B1EA79396C29}.Release|x86.ActiveCfg = Release|Win32
		{D61257E2-35A9-405F-9C34-B1EA79396C29}.Release|x86.Build.0 = Release|Win32
		{93F0A53D-14B5-4CF1-8ACB-F776A6561AAB}.Debug|x64.ActiveCfg = Debug|x64
		{93F0A53D-14B5-4CF1-8ACB-F776A6561AAB}.Debug|x64.Build.0 = Debug|x64
		{93F0A53D-14B5-4CF1-8ACB-F776A6561AAB}.Debug|x86.ActiveCfg = Debug|Win32
		{93F0A53D-14B5-4CF1-8ACB-F776A6561AAB}.Debug|x86.Build.0 = Debug|Win32
		{93F0A53D-14B5-4CF1-8ACB-F776A6561AAB}.Release|x64.ActiveCfg = Release|x64
		{93F0A53D-14B5-4CF1-8ACB-F776A6561AAB}.Release|x64.Build.0 = Release|x64
		{93F0A53D-14B5-4CF1-8ACB-F776A6561AAB}.Release|x86.ActiveCfg = Release|Win32
		{93F0A53D-14B5-4CF1-8ACB-F776A6561AAB}.Release|x86.Build.0 = Release|Win32
		{9A51BFE1-B2CF-4129-8692-C6784088786C}.Debug|x64.ActiveCfg = Debug|x64
		{9A51BFE1-B2CF-4129-8692-C6784088786C}.Debug|x64.Build.0 = Debug|x64
		{9A51BFE1-B2CF-4129-8692-C6784088786C}.Debug|x86.ActiveCfg = Debug|Win32
		{9A51BFE1-B2CF-4129-8692-C6784088786C}.Debug|x86.Build.0 = Debug|Win32
		{9A51BFE1-B2CF-4129-8692-C6784088786C}.Release|x64.ActiveCfg = Release|x64
		{9A51BFE1-B2CF-4129-8692-C6784088786C}.Release|x64.Build.0 = Release|x64
		{9A51BFE1-B2CF-4129-8692-C6784088786C}.Release|x86.ActiveCfg = Release|Win32
		{9A51BFE1-B2CF-4129-8692-C6784088786C}.Release|x86.Build.0 = Release|Win32
	EndGlobalSection
	GlobalSection(SolutionProperties) = preSolution
		HideSolutionNode = FALSE
	EndGlobalSection
	GlobalSection(NestedProjects) = preSolution
		{7CFFB3F2-EAF8-480B-9336-82466DD2E123} = {893CB358-B78D-4787-AC8A-A40309CCB888}
		{15839B88-99E0-4F9B-AB83-73A3F3C7288D} = {893CB358-B78D-4787-AC8A-A40309CCB888}
		{BD839823-5748-42D6-95F0-20E93FD2E416} = {893CB358-B78D-4787-AC8A-A40309CCB888}
		{8B433F71-E8B1-47CA-BB9D-9A421119368C} = {15839B88-99E0-4F9B-AB83-73A3F3C7288D}
		{1F755309-CEC7-4D0B-A127-6155C1187889} = {15839B88-99E0-4F9B-AB83-73A3F3C7288D}
		{8DE08A0B-8615-4DB8-B7A9-5CF019F5E5DB} = {15839B88-99E0-4F9B-AB83-73A3F3C7288D}
		{260280E7-4BB9-4404-B750-5A88FC061FC6} = {15839B88-99E0-4F9B-AB83-73A3F3C7288D}
		{D61257E2-35A9-405F-9C34-B1EA79396C29} = {893CB358-B78D-4787-AC8A-A40309CCB888}
		{93F0A53D-14B5-4CF1-8ACB-F776A6561AAB} = {54AF9E4B-3A2A-4A64-9ED6-0BD045C36C8D}
		{9A51BFE1-B2CF-4129-8692-C6784088786C} = {54AF9E4B-3A2A-4A64-9ED6-0BD045C36C8D}
	EndGlobalSection
	GlobalSection(ExtensibilityGlobals) = postSolution
		SolutionGuid = {C9CEBE36-9F94-47B5-B49D-FFD0CC24E503}
	EndGlobalSection
EndGlobal
