<?xml version="1.0" encoding="utf-8"?>
<Project ToolsVersion="4.0" xmlns="http://schemas.microsoft.com/developer/msbuild/2003">
  <ItemGroup>
    <Filter Include="DirectXCommon">
      <UniqueIdentifier>{fb2d5e9d-098b-46b6-87fe-1827d5c4bb27}</UniqueIdentifier>
    </Filter>
    <Filter Include="DirectXToolKit">
      <UniqueIdentifier>{428f69b5-03ed-403a-8d97-e696c18929d5}</UniqueIdentifier>
    </Filter>
    <Filter Include="Shader">
      <UniqueIdentifier>{0d1ce90b-de63-46a0-9494-e2c373ed8ba7}</UniqueIdentifier>
    </Filter>
    <Filter Include="DirectXObjects">
      <UniqueIdentifier>{61a40b8a-57da-46d9-b373-855a7ab8d138}</UniqueIdentifier>
    </Filter>
    <Filter Include="DirectXToolKit\Core">
      <UniqueIdentifier>{abd14180-87cf-4288-b965-d07d1b121ad4}</UniqueIdentifier>
    </Filter>
    <Filter Include="DirectXToolKit\Memory">
      <UniqueIdentifier>{2c0dc800-49a3-4aae-bbfc-3ce62ef3660b}</UniqueIdentifier>
    </Filter>
    <Filter Include="DirectXToolKit\CommandIndicator">
      <UniqueIdentifier>{90d77245-5a57-48fe-bcca-4ccb0b4d1dec}</UniqueIdentifier>
    </Filter>
    <Filter Include="DirectXToolKit\Utility">
      <UniqueIdentifier>{99f139a9-6620-4227-a3a7-66d0750b6845}</UniqueIdentifier>
    </Filter>
    <Filter Include="DirectXToolKit\Resource">
      <UniqueIdentifier>{3fdb23e4-2c20-48f0-8576-e2e02113506d}</UniqueIdentifier>
    </Filter>
    <Filter Include="DirectXToolKit\RenderState">
      <UniqueIdentifier>{3601b73d-474b-48c0-b9c6-58f9dc52d783}</UniqueIdentifier>
    </Filter>
  </ItemGroup>
  <ItemGroup>
    <ClInclude Include="Src\DirectXCommon\d3dx12.h">
      <Filter>DirectXCommon</Filter>
    </ClInclude>
    <ClInclude Include="Src\DirectXCommon\ScreenGrab12.h">
      <Filter>DirectXCommon</Filter>
    </ClInclude>
    <ClInclude Include="Src\DirectXCommon\WICTextureLoader12.h">
      <Filter>DirectXCommon</Filter>
    </ClInclude>
    <ClInclude Include="Src\DirectXCommon\DirectXCommon.h">
      <Filter>DirectXCommon</Filter>
    </ClInclude>
    <ClInclude Include="Src\DirectXCommon\Dx12TypeDefines.h">
      <Filter>DirectXCommon</Filter>
    </ClInclude>
    <ClInclude Include="Src\DirectXCommon\Dx12Exception.h">
      <Filter>DirectXCommon</Filter>
    </ClInclude>
    <ClInclude Include="..\..\..\Library\PCH.h">
      <Filter>DirectXCommon</Filter>
    </ClInclude>
    <ClInclude Include="Src\DirectXCommon\DDSTextureLoader.h">
      <Filter>DirectXCommon</Filter>
    </ClInclude>
    <ClInclude Include="Src\DirectXToolKit\DxUtil.h">
      <Filter>DirectXToolKit\Core</Filter>
    </ClInclude>
    <ClInclude Include="Src\DirectXToolKit\DirectXCore.h">
      <Filter>DirectXToolKit\Core</Filter>
    </ClInclude>
    <ClInclude Include="Src\DirectXToolKit\DescriptorAllocation.h">
      <Filter>DirectXToolKit\Memory</Filter>
    </ClInclude>
    <ClInclude Include="Src\DirectXToolKit\DescriptorAllocator.h">
      <Filter>DirectXToolKit\Memory</Filter>
    </ClInclude>
    <ClInclude Include="Src\DirectXToolKit\DescriptorAllocatorPage.h">
      <Filter>DirectXToolKit\Memory</Filter>
    </ClInclude>
    <ClInclude Include="Src\DirectXToolKit\UploadBuffer.h">
      <Filter>DirectXToolKit\Memory</Filter>
    </ClInclude>
    <ClInclude Include="Src\DirectXToolKit\CommandList.h">
      <Filter>DirectXToolKit\CommandIndicator</Filter>
    </ClInclude>
    <ClInclude Include="Src\DirectXToolKit\CommandQueue.h">
      <Filter>DirectXToolKit\CommandIndicator</Filter>
    </ClInclude>
    <ClInclude Include="Src\DirectXToolKit\PSO.h">
      <Filter>DirectXToolKit\Utility</Filter>
    </ClInclude>
    <ClInclude Include="Src\DirectXToolKit\RootSigature.h">
      <Filter>DirectXToolKit\Utility</Filter>
    </ClInclude>
    <ClInclude Include="Src\DirectXToolKit\Shader.h">
      <Filter>DirectXToolKit\Utility</Filter>
    </ClInclude>
    <ClInclude Include="Src\DirectXToolKit\VertexCollection.h">
      <Filter>DirectXToolKit\Utility</Filter>
    </ClInclude>
    <ClInclude Include="Src\DirectXToolKit\Resource.h">
      <Filter>DirectXToolKit\Resource</Filter>
    </ClInclude>
    <ClInclude Include="Src\DirectXToolKit\Camera.h">
      <Filter>DirectXToolKit\Utility</Filter>
    </ClInclude>
    <ClInclude Include="Src\DirectXToolKit\GeometryGenerator.h">
      <Filter>DirectXToolKit\Utility</Filter>
    </ClInclude>
    <ClInclude Include="Src\DirectXToolKit\IndexBuffer.h">
      <Filter>DirectXToolKit\Resource</Filter>
    </ClInclude>
    <ClInclude Include="Src\DirectXToolKit\VertexBuffer.h">
      <Filter>DirectXToolKit\Resource</Filter>
    </ClInclude>
    <ClInclude Include="Src\DirectXToolKit\Buffer.h">
      <Filter>DirectXToolKit\Resource</Filter>
    </ClInclude>
    <ClInclude Include="Src\DirectXToolKit\Viewport.h">
      <Filter>DirectXToolKit\Utility</Filter>
    </ClInclude>
    <ClInclude Include="Src\DirectXToolKit\ScissorRect.h">
      <Filter>DirectXToolKit\Utility</Filter>
    </ClInclude>
    <ClInclude Include="Src\DirectXToolKit\DepthStencilState.h">
      <Filter>DirectXToolKit\RenderState</Filter>
    </ClInclude>
    <ClInclude Include="Src\DirectXToolKit\BlendState.h">
      <Filter>DirectXToolKit\RenderState</Filter>
    </ClInclude>
    <ClInclude Include="Src\DirectXToolKit\RasterizerState.h">
      <Filter>DirectXToolKit\RenderState</Filter>
    </ClInclude>
    <ClInclude Include="Src\DirectXToolKit\SamplerState.h">
      <Filter>DirectXToolKit\Utility</Filter>
    </ClInclude>
    <ClInclude Include="Src\DirectXToolKit\Texture.h">
      <Filter>DirectXToolKit\Resource</Filter>
    </ClInclude>
    <ClInclude Include="Src\DirectXToolKit\DescriptorHeap.h">
      <Filter>DirectXToolKit\Memory</Filter>
    </ClInclude>
    <ClInclude Include="Src\DirectXToolKit\Fence.h">
      <Filter>DirectXToolKit\Core</Filter>
    </ClInclude>
    <ClInclude Include="Src\DirectXToolKit\RenderTarget.h">
      <Filter>DirectXToolKit\Utility</Filter>
    </ClInclude>
    <ClInclude Include="Src\DirectXToolKit\ResourceStateMap.h">
      <Filter>DirectXToolKit\Resource</Filter>
    </ClInclude>
    <ClInclude Include="Src\DirectXToolKit\GenerateMipMapsCS.h">
      <Filter>DirectXToolKit\Utility</Filter>
    </ClInclude>
    <ClInclude Include="Src\DirectXToolKit\Screen.h">
      <Filter>DirectXToolKit\Core</Filter>
    </ClInclude>
    <ClInclude Include="Src\DirectXToolKit\ConstantBuffer.h">
      <Filter>DirectXToolKit\Resource</Filter>
    </ClInclude>
    <ClInclude Include="Src\DirectXToolKit\StructuredBuffer.h">
      <Filter>DirectXToolKit\Resource</Filter>
    </ClInclude>
    <ClInclude Include="Src\DirectXToolKit\ByteAddressBuffer.h">
      <Filter>DirectXToolKit\Resource</Filter>
    </ClInclude>
    <ClInclude Include="Src\DirectXToolKit\CubeRenderTarget.h">
      <Filter>DirectXToolKit\Utility</Filter>
    </ClInclude>
    <ClInclude Include="Src\DirectXObjects\Mesh.h">
      <Filter>DirectXObjects</Filter>
    </ClInclude>
    <ClInclude Include="Src\DirectXObjects\Material.h">
      <Filter>DirectXObjects</Filter>
    </ClInclude>
    <ClInclude Include="Src\DirectXObjects\Dx12Object.h">
      <Filter>DirectXObjects</Filter>
    </ClInclude>
    <ClInclude Include="Src\DirectXObjects\ShaderCommonDefines.h">
      <Filter>DirectXObjects</Filter>
    </ClInclude>
    <ClInclude Include="Src\DirectXObjects\GBuffer.h">
      <Filter>DirectXObjects</Filter>
    </ClInclude>
    <ClInclude Include="Src\DirectXObjects\Scene.h">
      <Filter>DirectXObjects</Filter>
    </ClInclude>
  </ItemGroup>
  <ItemGroup>
    <ClCompile Include="Src\DirectXCommon\ScreenGrab12.cpp">
      <Filter>DirectXCommon</Filter>
    </ClCompile>
    <ClCompile Include="Src\DirectXCommon\WICTextureLoader12.cpp">
      <Filter>DirectXCommon</Filter>
    </ClCompile>
    <ClCompile Include="Src\DirectXCommon\Dx12Exception.cpp">
      <Filter>DirectXCommon</Filter>
    </ClCompile>
    <ClCompile Include="..\..\..\Library\PCH.cpp">
      <Filter>DirectXCommon</Filter>
    </ClCompile>
    <ClCompile Include="Src\DirectXCommon\DDSTextureLoader.cpp">
      <Filter>DirectXCommon</Filter>
    </ClCompile>
    <ClCompile Include="Src\DirectXToolKit\DxUtil.cpp">
      <Filter>DirectXToolKit\Core</Filter>
    </ClCompile>
    <ClCompile Include="Src\DirectXToolKit\DirectXCore.cpp">
      <Filter>DirectXToolKit\Core</Filter>
    </ClCompile>
    <ClCompile Include="Src\DirectXToolKit\DescriptorAllocation.cpp">
      <Filter>DirectXToolKit\Memory</Filter>
    </ClCompile>
    <ClCompile Include="Src\DirectXToolKit\DescriptorAllocator.cpp">
      <Filter>DirectXToolKit\Memory</Filter>
    </ClCompile>
    <ClCompile Include="Src\DirectXToolKit\DescriptorAllocatorPage.cpp">
      <Filter>DirectXToolKit\Memory</Filter>
    </ClCompile>
    <ClCompile Include="Src\DirectXToolKit\UploadBuffer.cpp">
      <Filter>DirectXToolKit\Memory</Filter>
    </ClCompile>
    <ClCompile Include="Src\DirectXToolKit\CommandList.cpp">
      <Filter>DirectXToolKit\CommandIndicator</Filter>
    </ClCompile>
    <ClCompile Include="Src\DirectXToolKit\CommandQueue.cpp">
      <Filter>DirectXToolKit\CommandIndicator</Filter>
    </ClCompile>
    <ClCompile Include="Src\DirectXToolKit\PSO.cpp">
      <Filter>DirectXToolKit\Utility</Filter>
    </ClCompile>
    <ClCompile Include="Src\DirectXToolKit\RootSignature.cpp">
      <Filter>DirectXToolKit\Utility</Filter>
    </ClCompile>
    <ClCompile Include="Src\DirectXToolKit\Shader.cpp">
      <Filter>DirectXToolKit\Utility</Filter>
    </ClCompile>
    <ClCompile Include="Src\DirectXToolKit\Resource.cpp">
      <Filter>DirectXToolKit\Resource</Filter>
    </ClCompile>
    <ClCompile Include="Src\DirectXToolKit\Camera.cpp">
      <Filter>DirectXToolKit\Utility</Filter>
    </ClCompile>
    <ClCompile Include="Src\DirectXToolKit\GeometryGenerator.cpp">
      <Filter>DirectXToolKit\Utility</Filter>
    </ClCompile>
    <ClCompile Include="Src\DirectXToolKit\VertexCollection.cpp">
      <Filter>DirectXToolKit\Utility</Filter>
    </ClCompile>
    <ClCompile Include="Src\DirectXToolKit\VertexBuffer.cpp">
      <Filter>DirectXToolKit\Resource</Filter>
    </ClCompile>
    <ClCompile Include="Src\DirectXToolKit\IndexBuffer.cpp">
      <Filter>DirectXToolKit\Resource</Filter>
    </ClCompile>
    <ClCompile Include="Src\DirectXToolKit\Buffer.cpp">
      <Filter>DirectXToolKit\Resource</Filter>
    </ClCompile>
    <ClCompile Include="Src\DirectXToolKit\Texture.cpp">
      <Filter>DirectXToolKit\Resource</Filter>
    </ClCompile>
    <ClCompile Include="Src\DirectXToolKit\DescriptorHeap.cpp">
      <Filter>DirectXToolKit\Memory</Filter>
    </ClCompile>
    <ClCompile Include="Src\DirectXToolKit\Fence.cpp">
      <Filter>DirectXToolKit\Core</Filter>
    </ClCompile>
    <ClCompile Include="Src\DirectXToolKit\RenderTarget.cpp">
      <Filter>DirectXToolKit\Utility</Filter>
    </ClCompile>
    <ClCompile Include="Src\DirectXToolKit\ResourceStateMap.cpp">
      <Filter>DirectXToolKit\Resource</Filter>
    </ClCompile>
    <ClCompile Include="Src\DirectXToolKit\GenerateMipMapsCS.cpp">
      <Filter>DirectXToolKit\Utility</Filter>
    </ClCompile>
    <ClCompile Include="Src\DirectXToolKit\Screen.cpp">
      <Filter>DirectXToolKit\Core</Filter>
    </ClCompile>
    <ClCompile Include="Src\DirectXToolKit\ConstantBuffer.cpp">
      <Filter>DirectXToolKit\Resource</Filter>
    </ClCompile>
    <ClCompile Include="Src\DirectXToolKit\StructuredBuffer.cpp">
      <Filter>DirectXToolKit\Resource</Filter>
    </ClCompile>
    <ClCompile Include="Src\DirectXToolKit\ByteAddressBuffer.cpp">
      <Filter>DirectXToolKit\Resource</Filter>
    </ClCompile>
    <ClCompile Include="Src\DirectXToolKit\CubeRenderTarget.cpp">
      <Filter>DirectXToolKit\Utility</Filter>
    </ClCompile>
    <ClCompile Include="Src\DirectXObjects\Mesh.cpp">
      <Filter>DirectXObjects</Filter>
    </ClCompile>
    <ClCompile Include="Src\DirectXObjects\Material.cpp">
      <Filter>DirectXObjects</Filter>
    </ClCompile>
    <ClCompile Include="Src\DirectXObjects\Dx12Object.cpp">
      <Filter>DirectXObjects</Filter>
    </ClCompile>
    <ClCompile Include="Src\DirectXObjects\ShaderCommonDefines.cpp">
      <Filter>DirectXObjects</Filter>
    </ClCompile>
    <ClCompile Include="Src\DirectXObjects\GBuffer.cpp">
      <Filter>DirectXObjects</Filter>
    </ClCompile>
    <ClCompile Include="Src\DirectXObjects\Scene.cpp">
      <Filter>DirectXObjects</Filter>
    </ClCompile>
  </ItemGroup>
</Project>