<?xml version="1.0" encoding="utf-8"?>
<Project ToolsVersion="4.0" xmlns="http://schemas.microsoft.com/developer/msbuild/2003">
  <ItemGroup>
    <Filter Include="pch">
      <UniqueIdentifier>{2f58cfe0-536d-4f8d-8720-fdf23f6afa20}</UniqueIdentifier>
    </Filter>
    <Filter Include="main">
      <UniqueIdentifier>{5c7c8f21-4ee7-4366-8380-33a4668b9843}</UniqueIdentifier>
    </Filter>
  </ItemGroup>
  <ItemGroup>
    <ClInclude Include="src\framework.h">
      <Filter>pch</Filter>
    </ClInclude>
    <ClInclude Include="src\pch.h">
      <Filter>pch</Filter>
    </ClInclude>
    <ClInclude Include="src\PE.h" />
    <ClInclude Include="src\PhysicsEngine.h">
      <Filter>main</Filter>
    </ClInclude>
  </ItemGroup>
  <ItemGroup>
    <ClCompile Include="src\pch.cpp">
      <Filter>pch</Filter>
    </ClCompile>
    <ClCompile Include="src\PhysicsEngine.cpp">
      <Filter>main</Filter>
    </ClCompile>
  </ItemGroup>
</Project>