<?xml version="1.0" encoding="utf-8"?>
<Project ToolsVersion="4.0" xmlns="http://schemas.microsoft.com/developer/msbuild/2003">
  <ItemGroup>
    <Filter Include="Include">
      <UniqueIdentifier>{91939f6c-8baa-4150-8a99-3fa5bdf638e7}</UniqueIdentifier>
    </Filter>
    <Filter Include="Source">
      <UniqueIdentifier>{b8e6516e-1da9-48de-8229-732ede585610}</UniqueIdentifier>
    </Filter>
    <Filter Include="Include\JGDesign">
      <UniqueIdentifier>{7ef5d410-d76f-4d0f-bc9b-5c7c57a76a05}</UniqueIdentifier>
    </Filter>
  </ItemGroup>
  <ItemGroup>
    <ClInclude Include="Include\common.h">
      <Filter>Include</Filter>
    </ClInclude>
    <ClInclude Include="Include\coordinateMath.h">
      <Filter>Include</Filter>
    </ClInclude>
    <ClInclude Include="Include\commonMath.h">
      <Filter>Include</Filter>
    </ClInclude>
    <ClInclude Include="Include\JGCommon.h">
      <Filter>Include</Filter>
    </ClInclude>
    <ClInclude Include="Include\JGDesign\JGAbstractFactory.h">
      <Filter>Include\JGDesign</Filter>
    </ClInclude>
    <ClInclude Include="Include\StringUtil.h">
      <Filter>Include</Filter>
    </ClInclude>
  </ItemGroup>
  <ItemGroup>
    <ClCompile Include="Source\coordinateMath.cpp">
      <Filter>Source</Filter>
    </ClCompile>
    <ClCompile Include="Source\StringUtil.cpp">
      <Filter>Source</Filter>
    </ClCompile>
  </ItemGroup>
</Project>