<?xml version="1.0" encoding="utf-8"?>
<Project ToolsVersion="4.0" xmlns="http://schemas.microsoft.com/developer/msbuild/2003">
  <ItemGroup>
    <Filter Include="pch">
      <UniqueIdentifier>{8d5639e2-2532-41cf-923e-52796fb3d686}</UniqueIdentifier>
    </Filter>
    <Filter Include="main">
      <UniqueIdentifier>{a00b1c39-86f6-4e35-a529-1d040aa932b0}</UniqueIdentifier>
    </Filter>
  </ItemGroup>
  <ItemGroup>
    <ClInclude Include="src\framework.h">
      <Filter>pch</Filter>
    </ClInclude>
    <ClInclude Include="src\pch.h">
      <Filter>pch</Filter>
    </ClInclude>
    <ClInclude Include="src\SE.h" />
    <ClInclude Include="src\SoundEngine.h">
      <Filter>main</Filter>
    </ClInclude>
  </ItemGroup>
  <ItemGroup>
    <ClCompile Include="src\pch.cpp">
      <Filter>pch</Filter>
    </ClCompile>
    <ClCompile Include="src\SoundEngine.cpp">
      <Filter>main</Filter>
    </ClCompile>
  </ItemGroup>
</Project>